// !$*UTF8*$!
{
	archiveVersion = 1;
	classes = {
	};
	objectVersion = 48;
	objects = {

/* Begin PBXBuildFile section */
		0D078BA82083A41E00A092AA /* main.m in Sources */ = {isa = PBXBuildFile; fileRef = 0D078BA72083A41E00A092AA /* main.m */; };
		0D078BB02083A4E700A092AA /* ApplyHander.m in Sources */ = {isa = PBXBuildFile; fileRef = 0D078BAF2083A4E700A092AA /* ApplyHander.m */; };
		0D078BB32083A52800A092AA /* GroupLeaderHander.m in Sources */ = {isa = PBXBuildFile; fileRef = 0D078BB22083A52800A092AA /* GroupLeaderHander.m */; };
		0D078BB62083A53A00A092AA /* ManagerHander.m in Sources */ = {isa = PBXBuildFile; fileRef = 0D078BB52083A53A00A092AA /* ManagerHander.m */; };
		0D078BB92083A54600A092AA /* BossManager.m in Sources */ = {isa = PBXBuildFile; fileRef = 0D078BB82083A54600A092AA /* BossManager.m */; };
/* End PBXBuildFile section */

/* Begin PBXCopyFilesBuildPhase section */
		0D078BA22083A41E00A092AA /* CopyFiles */ = {
			isa = PBXCopyFilesBuildPhase;
			buildActionMask = 2147483647;
			dstPath = /usr/share/man/man1/;
			dstSubfolderSpec = 0;
			files = (
			);
			runOnlyForDeploymentPostprocessing = 1;
		};
/* End PBXCopyFilesBuildPhase section */

/* Begin PBXFileReference section */
		0D078BA42083A41E00A092AA /* ChainOfResponsibility */ = {isa = PBXFileReference; explicitFileType = "compiled.mach-o.executable"; includeInIndex = 0; path = ChainOfResponsibility; sourceTree = BUILT_PRODUCTS_DIR; };
		0D078BA72083A41E00A092AA /* main.m */ = {isa = PBXFileReference; lastKnownFileType = sourcecode.c.objc; path = main.m; sourceTree = "<group>"; };
		0D078BAE2083A4E700A092AA /* ApplyHander.h */ = {isa = PBXFileReference; lastKnownFileType = sourcecode.c.h; path = ApplyHander.h; sourceTree = "<group>"; };
		0D078BAF2083A4E700A092AA /* ApplyHander.m */ = {isa = PBXFileReference; lastKnownFileType = sourcecode.c.objc; path = ApplyHander.m; sourceTree = "<group>"; };
		0D078BB12083A52800A092AA /* GroupLeaderHander.h */ = {isa = PBXFileReference; lastKnownFileType = sourcecode.c.h; path = GroupLeaderHander.h; sourceTree = "<group>"; };
		0D078BB22083A52800A092AA /* GroupLeaderHander.m */ = {isa = PBXFileReference; lastKnownFileType = sourcecode.c.objc; path = GroupLeaderHander.m; sourceTree = "<group>"; };
		0D078BB42083A53A00A092AA /* ManagerHander.h */ = {isa = PBXFileReference; lastKnownFileType = sourcecode.c.h; path = ManagerHander.h; sourceTree = "<group>"; };
		0D078BB52083A53A00A092AA /* ManagerHander.m */ = {isa = PBXFileReference; lastKnownFileType = sourcecode.c.objc; path = ManagerHander.m; sourceTree = "<group>"; };
		0D078BB72083A54600A092AA /* BossManager.h */ = {isa = PBXFileReference; lastKnownFileType = sourcecode.c.h; path = BossManager.h; sourceTree = "<group>"; };
		0D078BB82083A54600A092AA /* BossManager.m */ = {isa = PBXFileReference; lastKnownFileType = sourcecode.c.objc; path = BossManager.m; sourceTree = "<group>"; };
/* End PBXFileReference section */

/* Begin PBXFrameworksBuildPhase section */
		0D078BA12083A41E00A092AA /* Frameworks */ = {
			isa = PBXFrameworksBuildPhase;
			buildActionMask = 2147483647;
			files = (
			);
			runOnlyForDeploymentPostprocessing = 0;
		};
/* End PBXFrameworksBuildPhase section */

/* Begin PBXGroup section */
		0D078B9B2083A41E00A092AA = {
			isa = PBXGroup;
			children = (
				0D078BA62083A41E00A092AA /* ChainOfResponsibility */,
				0D078BA52083A41E00A092AA /* Products */,
			);
			sourceTree = "<group>";
		};
		0D078BA52083A41E00A092AA /* Products */ = {
			isa = PBXGroup;
			children = (
				0D078BA42083A41E00A092AA /* ChainOfResponsibility */,
			);
			name = Products;
			sourceTree = "<group>";
		};
		0D078BA62083A41E00A092AA /* ChainOfResponsibility */ = {
			isa = PBXGroup;
			children = (
				0D078BA72083A41E00A092AA /* main.m */,
				0D078BAE2083A4E700A092AA /* ApplyHander.h */,
				0D078BAF2083A4E700A092AA /* ApplyHander.m */,
				0D078BB12083A52800A092AA /* GroupLeaderHander.h */,
				0D078BB22083A52800A092AA /* GroupLeaderHander.m */,
				0D078BB42083A53A00A092AA /* ManagerHander.h */,
				0D078BB52083A53A00A092AA /* ManagerHander.m */,
				0D078BB72083A54600A092AA /* BossManager.h */,
				0D078BB82083A54600A092AA /* BossManager.m */,
			);
			path = ChainOfResponsibility;
			sourceTree = "<group>";
		};
/* End PBXGroup section */

/* Begin PBXNativeTarget section */
		0D078BA32083A41E00A092AA /* ChainOfResponsibility */ = {
			isa = PBXNativeTarget;
			buildConfigurationList = 0D078BAB2083A41E00A092AA /* Build configuration list for PBXNativeTarget "ChainOfResponsibility" */;
			buildPhases = (
				0D078BA02083A41E00A092AA /* Sources */,
				0D078BA12083A41E00A092AA /* Frameworks */,
				0D078BA22083A41E00A092AA /* CopyFiles */,
			);
			buildRules = (
			);
			dependencies = (
			);
			name = ChainOfResponsibility;
			productName = ChainOfResponsibility;
			productReference = 0D078BA42083A41E00A092AA /* ChainOfResponsibility */;
			productType = "com.apple.product-type.tool";
		};
/* End PBXNativeTarget section */

/* Begin PBXProject section */
		0D078B9C2083A41E00A092AA /* Project object */ = {
			isa = PBXProject;
			attributes = {
				LastUpgradeCheck = 0920;
				ORGANIZATIONNAME = lncircle;
				TargetAttributes = {
					0D078BA32083A41E00A092AA = {
						CreatedOnToolsVersion = 9.2;
						ProvisioningStyle = Automatic;
					};
				};
			};
			buildConfigurationList = 0D078B9F2083A41E00A092AA /* Build configuration list for PBXProject "ChainOfResponsibility" */;
			compatibilityVersion = "Xcode 8.0";
			developmentRegion = en;
			hasScannedForEncodings = 0;
			knownRegions = (
				en,
			);
			mainGroup = 0D078B9B2083A41E00A092AA;
			productRefGroup = 0D078BA52083A41E00A092AA /* Products */;
			projectDirPath = "";
			projectRoot = "";
			targets = (
				0D078BA32083A41E00A092AA /* ChainOfResponsibility */,
			);
		};
/* End PBXProject section */

/* Begin PBXSourcesBuildPhase section */
		0D078BA02083A41E00A092AA /* Sources */ = {
			isa = PBXSourcesBuildPhase;
			buildActionMask = 2147483647;
			files = (
				0D078BB02083A4E700A092AA /* ApplyHander.m in Sources */,
				0D078BB92083A54600A092AA /* BossManager.m in Sources */,
				0D078BB32083A52800A092AA /* GroupLeaderHander.m in Sources */,
				0D078BA82083A41E00A092AA /* main.m in Sources */,
				0D078BB62083A53A00A092AA /* ManagerHander.m in Sources */,
			);
			runOnlyForDeploymentPostprocessing = 0;
		};
/* End PBXSourcesBuildPhase section */

/* Begin XCBuildConfiguration section */
		0D078BA92083A41E00A092AA /* Debug */ = {
			isa = XCBuildConfiguration;
			buildSettings = {
				ALWAYS_SEARCH_USER_PATHS = NO;
				CLANG_ANALYZER_NONNULL = YES;
				CLANG_ANALYZER_NUMBER_OBJECT_CONVERSION = YES_AGGRESSIVE;
				CLANG_CXX_LANGUAGE_STANDARD = "gnu++14";
				CLANG_CXX_LIBRARY = "libc++";
				CLANG_ENABLE_MODULES = YES;
				CLANG_ENABLE_OBJC_ARC = YES;
				CLANG_WARN_BLOCK_CAPTURE_AUTORELEASING = YES;
				CLANG_WARN_BOOL_CONVERSION = YES;
				CLANG_WARN_COMMA = YES;
				CLANG_WARN_CONSTANT_CONVERSION = YES;
				CLANG_WARN_DIRECT_OBJC_ISA_USAGE = YES_ERROR;
				CLANG_WARN_DOCUMENTATION_COMMENTS = YES;
				CLANG_WARN_EMPTY_BODY = YES;
				CLANG_WARN_ENUM_CONVERSION = YES;
				CLANG_WARN_INFINITE_RECURSION = YES;
				CLANG_WARN_INT_CONVERSION = YES;
				CLANG_WARN_NON_LITERAL_NULL_CONVERSION = YES;
				CLANG_WARN_OBJC_LITERAL_CONVERSION = YES;
				CLANG_WARN_OBJC_ROOT_CLASS = YES_ERROR;
				CLANG_WARN_RANGE_LOOP_ANALYSIS = YES;
				CLANG_WARN_STRICT_PROTOTYPES = YES;
				CLANG_WARN_SUSPICIOUS_MOVE = YES;
				CLANG_WARN_UNGUARDED_AVAILABILITY = YES_AGGRESSIVE;
				CLANG_WARN_UNREACHABLE_CODE = YES;
				CLANG_WARN__DUPLICATE_METHOD_MATCH = YES;
				CODE_SIGN_IDENTITY = "-";
				COPY_PHASE_STRIP = NO;
				DEBUG_INFORMATION_FORMAT = dwarf;
				ENABLE_STRICT_OBJC_MSGSEND = YES;
				ENABLE_TESTABILITY = YES;
				GCC_C_LANGUAGE_STANDARD = gnu11;
				GCC_DYNAMIC_NO_PIC = NO;
				GCC_NO_COMMON_BLOCKS = YES;
				GCC_OPTIMIZATION_LEVEL = 0;
				GCC_PREPROCESSOR_DEFINITIONS = (
					"DEBUG=1",
					"$(inherited)",
				);
				GCC_WARN_64_TO_32_BIT_CONVERSION = YES;
				GCC_WARN_ABOUT_RETURN_TYPE = YES_ERROR;
				GCC_WARN_UNDECLARED_SELECTOR = YES;
				GCC_WARN_UNINITIALIZED_AUTOS = YES_AGGRESSIVE;
				GCC_WARN_UNUSED_FUNCTION = YES;
				GCC_WARN_UNUSED_VARIABLE = YES;
				MACOSX_DEPLOYMENT_TARGET = 10.12;
				MTL_ENABLE_DEBUG_INFO = YES;
				ONLY_ACTIVE_ARCH = YES;
				SDKROOT = macosx;
			};
			name = Debug;
		};
		0D078BAA2083A41E00A092AA /* Release */ = {
			isa = XCBuildConfiguration;
			buildSettings = {
				ALWAYS_SEARCH_USER_PATHS = NO;
				CLANG_ANALYZER_NONNULL = YES;
				CLANG_ANALYZER_NUMBER_OBJECT_CONVERSION = YES_AGGRESSIVE;
				CLANG_CXX_LANGUAGE_STANDARD = "gnu++14";
				CLANG_CXX_LIBRARY = "libc++";
				CLANG_ENABLE_MODULES = YES;
				CLANG_ENABLE_OBJC_ARC = YES;
				CLANG_WARN_BLOCK_CAPTURE_AUTORELEASING = YES;
				CLANG_WARN_BOOL_CONVERSION = YES;
				CLANG_WARN_COMMA = YES;
				CLANG_WARN_CONSTANT_CONVERSION = YES;
				CLANG_WARN_DIRECT_OBJC_ISA_USAGE = YES_ERROR;
				CLANG_WARN_DOCUMENTATION_COMMENTS = YES;
				CLANG_WARN_EMPTY_BODY = YES;
				CLANG_WARN_ENUM_CONVERSION = YES;
				CLANG_WARN_INFINITE_RECURSION = YES;
				CLANG_WARN_INT_CONVERSION = YES;
				CLANG_WARN_NON_LITERAL_NULL_CONVERSION = YES;
				CLANG_WARN_OBJC_LITERAL_CONVERSION = YES;
				CLANG_WARN_OBJC_ROOT_CLASS = YES_ERROR;
				CLANG_WARN_RANGE_LOOP_ANALYSIS = YES;
				CLANG_WARN_STRICT_PROTOTYPES = YES;
				CLANG_WARN_SUSPICIOUS_MOVE = YES;
				CLANG_WARN_UNGUARDED_AVAILABILITY = YES_AGGRESSIVE;
				CLANG_WARN_UNREACHABLE_CODE = YES;
				CLANG_WARN__DUPLICATE_METHOD_MATCH = YES;
				CODE_SIGN_IDENTITY = "-";
				COPY_PHASE_STRIP = NO;
				DEBUG_INFORMATION_FORMAT = "dwarf-with-dsym";
				ENABLE_NS_ASSERTIONS = NO;
				ENABLE_STRICT_OBJC_MSGSEND = YES;
				GCC_C_LANGUAGE_STANDARD = gnu11;
				GCC_NO_COMMON_BLOCKS = YES;
				GCC_WARN_64_TO_32_BIT_CONVERSION = YES;
				GCC_WARN_ABOUT_RETURN_TYPE = YES_ERROR;
				GCC_WARN_UNDECLARED_SELECTOR = YES;
				GCC_WARN_UNINITIALIZED_AUTOS = YES_AGGRESSIVE;
				GCC_WARN_UNUSED_FUNCTION = YES;
				GCC_WARN_UNUSED_VARIABLE = YES;
				MACOSX_DEPLOYMENT_TARGET = 10.12;
				MTL_ENABLE_DEBUG_INFO = NO;
				SDKROOT = macosx;
			};
			name = Release;
		};
		0D078BAC2083A41E00A092AA /* Debug */ = {
			isa = XCBuildConfiguration;
			buildSettings = {
				CODE_SIGN_STYLE = Automatic;
				PRODUCT_NAME = "$(TARGET_NAME)";
			};
			name = Debug;
		};
		0D078BAD2083A41E00A092AA /* Release */ = {
			isa = XCBuildConfiguration;
			buildSettings = {
				CODE_SIGN_STYLE = Automatic;
				PRODUCT_NAME = "$(TARGET_NAME)";
			};
			name = Release;
		};
/* End XCBuildConfiguration section */

/* Begin XCConfigurationList section */
		0D078B9F2083A41E00A092AA /* Build configuration list for PBXProject "ChainOfResponsibility" */ = {
			isa = XCConfigurationList;
			buildConfigurations = (
				0D078BA92083A41E00A092AA /* Debug */,
				0D078BAA2083A41E00A092AA /* Release */,
			);
			defaultConfigurationIsVisible = 0;
			defaultConfigurationName = Release;
		};
		0D078BAB2083A41E00A092AA /* Build configuration list for PBXNativeTarget "ChainOfResponsibility" */ = {
			isa = XCConfigurationList;
			buildConfigurations = (
				0D078BAC2083A41E00A092AA /* Debug */,
				0D078BAD2083A41E00A092AA /* Release */,
			);
			defaultConfigurationIsVisible = 0;
			defaultConfigurationName = Release;
		};
/* End XCConfigurationList section */
	};
	rootObject = 0D078B9C2083A41E00A092AA /* Project object */;
}
