// !$*UTF8*$!
{
	archiveVersion = 1;
	classes = {
	};
	objectVersion = 48;
	objects = {

/* Begin PBXBuildFile section */
		0D67E1BE212EB074000CDCDD /* main.m in Sources */ = {isa = PBXBuildFile; fileRef = 0D67E1BD212EB074000CDCDD /* main.m */; };
		0D67E1C6212EB10A000CDCDD /* State.m in Sources */ = {isa = PBXBuildFile; fileRef = 0D67E1C5212EB10A000CDCDD /* State.m */; };
		0D67E1C9212EB671000CDCDD /* StartState.m in Sources */ = {isa = PBXBuildFile; fileRef = 0D67E1C8212EB671000CDCDD /* StartState.m */; };
		0D67E1CC212EB683000CDCDD /* StopState.m in Sources */ = {isa = PBXBuildFile; fileRef = 0D67E1CB212EB683000CDCDD /* StopState.m */; };
		0D67E1CF212EB711000CDCDD /* Context.m in Sources */ = {isa = PBXBuildFile; fileRef = 0D67E1CE212EB711000CDCDD /* Context.m */; };
/* End PBXBuildFile section */

/* Begin PBXCopyFilesBuildPhase section */
		0D67E1B8212EB074000CDCDD /* CopyFiles */ = {
			isa = PBXCopyFilesBuildPhase;
			buildActionMask = 2147483647;
			dstPath = /usr/share/man/man1/;
			dstSubfolderSpec = 0;
			files = (
			);
			runOnlyForDeploymentPostprocessing = 1;
		};
/* End PBXCopyFilesBuildPhase section */

/* Begin PBXFileReference section */
		0D67E1BA212EB074000CDCDD /* State */ = {isa = PBXFileReference; explicitFileType = "compiled.mach-o.executable"; includeInIndex = 0; path = State; sourceTree = BUILT_PRODUCTS_DIR; };
		0D67E1BD212EB074000CDCDD /* main.m */ = {isa = PBXFileReference; lastKnownFileType = sourcecode.c.objc; path = main.m; sourceTree = "<group>"; };
		0D67E1C4212EB10A000CDCDD /* State.h */ = {isa = PBXFileReference; lastKnownFileType = sourcecode.c.h; path = State.h; sourceTree = "<group>"; };
		0D67E1C5212EB10A000CDCDD /* State.m */ = {isa = PBXFileReference; lastKnownFileType = sourcecode.c.objc; path = State.m; sourceTree = "<group>"; };
		0D67E1C7212EB671000CDCDD /* StartState.h */ = {isa = PBXFileReference; lastKnownFileType = sourcecode.c.h; path = StartState.h; sourceTree = "<group>"; };
		0D67E1C8212EB671000CDCDD /* StartState.m */ = {isa = PBXFileReference; lastKnownFileType = sourcecode.c.objc; path = StartState.m; sourceTree = "<group>"; };
		0D67E1CA212EB683000CDCDD /* StopState.h */ = {isa = PBXFileReference; lastKnownFileType = sourcecode.c.h; path = StopState.h; sourceTree = "<group>"; };
		0D67E1CB212EB683000CDCDD /* StopState.m */ = {isa = PBXFileReference; lastKnownFileType = sourcecode.c.objc; path = StopState.m; sourceTree = "<group>"; };
		0D67E1CD212EB711000CDCDD /* Context.h */ = {isa = PBXFileReference; lastKnownFileType = sourcecode.c.h; path = Context.h; sourceTree = "<group>"; };
		0D67E1CE212EB711000CDCDD /* Context.m */ = {isa = PBXFileReference; lastKnownFileType = sourcecode.c.objc; path = Context.m; sourceTree = "<group>"; };
/* End PBXFileReference section */

/* Begin PBXFrameworksBuildPhase section */
		0D67E1B7212EB074000CDCDD /* Frameworks */ = {
			isa = PBXFrameworksBuildPhase;
			buildActionMask = 2147483647;
			files = (
			);
			runOnlyForDeploymentPostprocessing = 0;
		};
/* End PBXFrameworksBuildPhase section */

/* Begin PBXGroup section */
		0D67E1B1212EB074000CDCDD = {
			isa = PBXGroup;
			children = (
				0D67E1BC212EB074000CDCDD /* State */,
				0D67E1BB212EB074000CDCDD /* Products */,
			);
			sourceTree = "<group>";
		};
		0D67E1BB212EB074000CDCDD /* Products */ = {
			isa = PBXGroup;
			children = (
				0D67E1BA212EB074000CDCDD /* State */,
			);
			name = Products;
			sourceTree = "<group>";
		};
		0D67E1BC212EB074000CDCDD /* State */ = {
			isa = PBXGroup;
			children = (
				0D67E1BD212EB074000CDCDD /* main.m */,
				0D67E1C4212EB10A000CDCDD /* State.h */,
				0D67E1C5212EB10A000CDCDD /* State.m */,
				0D67E1C7212EB671000CDCDD /* StartState.h */,
				0D67E1C8212EB671000CDCDD /* StartState.m */,
				0D67E1CA212EB683000CDCDD /* StopState.h */,
				0D67E1CB212EB683000CDCDD /* StopState.m */,
				0D67E1CD212EB711000CDCDD /* Context.h */,
				0D67E1CE212EB711000CDCDD /* Context.m */,
			);
			path = State;
			sourceTree = "<group>";
		};
/* End PBXGroup section */

/* Begin PBXNativeTarget section */
		0D67E1B9212EB074000CDCDD /* State */ = {
			isa = PBXNativeTarget;
			buildConfigurationList = 0D67E1C1212EB074000CDCDD /* Build configuration list for PBXNativeTarget "State" */;
			buildPhases = (
				0D67E1B6212EB074000CDCDD /* Sources */,
				0D67E1B7212EB074000CDCDD /* Frameworks */,
				0D67E1B8212EB074000CDCDD /* CopyFiles */,
			);
			buildRules = (
			);
			dependencies = (
			);
			name = State;
			productName = State;
			productReference = 0D67E1BA212EB074000CDCDD /* State */;
			productType = "com.apple.product-type.tool";
		};
/* End PBXNativeTarget section */

/* Begin PBXProject section */
		0D67E1B2212EB074000CDCDD /* Project object */ = {
			isa = PBXProject;
			attributes = {
				LastUpgradeCheck = 0920;
				ORGANIZATIONNAME = lncircle;
				TargetAttributes = {
					0D67E1B9212EB074000CDCDD = {
						CreatedOnToolsVersion = 9.2;
						ProvisioningStyle = Automatic;
					};
				};
			};
			buildConfigurationList = 0D67E1B5212EB074000CDCDD /* Build configuration list for PBXProject "State" */;
			compatibilityVersion = "Xcode 8.0";
			developmentRegion = en;
			hasScannedForEncodings = 0;
			knownRegions = (
				en,
			);
			mainGroup = 0D67E1B1212EB074000CDCDD;
			productRefGroup = 0D67E1BB212EB074000CDCDD /* Products */;
			projectDirPath = "";
			projectRoot = "";
			targets = (
				0D67E1B9212EB074000CDCDD /* State */,
			);
		};
/* End PBXProject section */

/* Begin PBXSourcesBuildPhase section */
		0D67E1B6212EB074000CDCDD /* Sources */ = {
			isa = PBXSourcesBuildPhase;
			buildActionMask = 2147483647;
			files = (
				0D67E1BE212EB074000CDCDD /* main.m in Sources */,
				0D67E1CC212EB683000CDCDD /* StopState.m in Sources */,
				0D67E1C9212EB671000CDCDD /* StartState.m in Sources */,
				0D67E1CF212EB711000CDCDD /* Context.m in Sources */,
				0D67E1C6212EB10A000CDCDD /* State.m in Sources */,
			);
			runOnlyForDeploymentPostprocessing = 0;
		};
/* End PBXSourcesBuildPhase section */

/* Begin XCBuildConfiguration section */
		0D67E1BF212EB074000CDCDD /* Debug */ = {
			isa = XCBuildConfiguration;
			buildSettings = {
				ALWAYS_SEARCH_USER_PATHS = NO;
				CLANG_ANALYZER_NONNULL = YES;
				CLANG_ANALYZER_NUMBER_OBJECT_CONVERSION = YES_AGGRESSIVE;
				CLANG_CXX_LANGUAGE_STANDARD = "gnu++14";
				CLANG_CXX_LIBRARY = "libc++";
				CLANG_ENABLE_MODULES = YES;
				CLANG_ENABLE_OBJC_ARC = YES;
				CLANG_WARN_BLOCK_CAPTURE_AUTORELEASING = YES;
				CLANG_WARN_BOOL_CONVERSION = YES;
				CLANG_WARN_COMMA = YES;
				CLANG_WARN_CONSTANT_CONVERSION = YES;
				CLANG_WARN_DIRECT_OBJC_ISA_USAGE = YES_ERROR;
				CLANG_WARN_DOCUMENTATION_COMMENTS = YES;
				CLANG_WARN_EMPTY_BODY = YES;
				CLANG_WARN_ENUM_CONVERSION = YES;
				CLANG_WARN_INFINITE_RECURSION = YES;
				CLANG_WARN_INT_CONVERSION = YES;
				CLANG_WARN_NON_LITERAL_NULL_CONVERSION = YES;
				CLANG_WARN_OBJC_LITERAL_CONVERSION = YES;
				CLANG_WARN_OBJC_ROOT_CLASS = YES_ERROR;
				CLANG_WARN_RANGE_LOOP_ANALYSIS = YES;
				CLANG_WARN_STRICT_PROTOTYPES = YES;
				CLANG_WARN_SUSPICIOUS_MOVE = YES;
				CLANG_WARN_UNGUARDED_AVAILABILITY = YES_AGGRESSIVE;
				CLANG_WARN_UNREACHABLE_CODE = YES;
				CLANG_WARN__DUPLICATE_METHOD_MATCH = YES;
				CODE_SIGN_IDENTITY = "-";
				COPY_PHASE_STRIP = NO;
				DEBUG_INFORMATION_FORMAT = dwarf;
				ENABLE_STRICT_OBJC_MSGSEND = YES;
				ENABLE_TESTABILITY = YES;
				GCC_C_LANGUAGE_STANDARD = gnu11;
				GCC_DYNAMIC_NO_PIC = NO;
				GCC_NO_COMMON_BLOCKS = YES;
				GCC_OPTIMIZATION_LEVEL = 0;
				GCC_PREPROCESSOR_DEFINITIONS = (
					"DEBUG=1",
					"$(inherited)",
				);
				GCC_WARN_64_TO_32_BIT_CONVERSION = YES;
				GCC_WARN_ABOUT_RETURN_TYPE = YES_ERROR;
				GCC_WARN_UNDECLARED_SELECTOR = YES;
				GCC_WARN_UNINITIALIZED_AUTOS = YES_AGGRESSIVE;
				GCC_WARN_UNUSED_FUNCTION = YES;
				GCC_WARN_UNUSED_VARIABLE = YES;
				MACOSX_DEPLOYMENT_TARGET = 10.12;
				MTL_ENABLE_DEBUG_INFO = YES;
				ONLY_ACTIVE_ARCH = YES;
				SDKROOT = macosx;
			};
			name = Debug;
		};
		0D67E1C0212EB074000CDCDD /* Release */ = {
			isa = XCBuildConfiguration;
			buildSettings = {
				ALWAYS_SEARCH_USER_PATHS = NO;
				CLANG_ANALYZER_NONNULL = YES;
				CLANG_ANALYZER_NUMBER_OBJECT_CONVERSION = YES_AGGRESSIVE;
				CLANG_CXX_LANGUAGE_STANDARD = "gnu++14";
				CLANG_CXX_LIBRARY = "libc++";
				CLANG_ENABLE_MODULES = YES;
				CLANG_ENABLE_OBJC_ARC = YES;
				CLANG_WARN_BLOCK_CAPTURE_AUTORELEASING = YES;
				CLANG_WARN_BOOL_CONVERSION = YES;
				CLANG_WARN_COMMA = YES;
				CLANG_WARN_CONSTANT_CONVERSION = YES;
				CLANG_WARN_DIRECT_OBJC_ISA_USAGE = YES_ERROR;
				CLANG_WARN_DOCUMENTATION_COMMENTS = YES;
				CLANG_WARN_EMPTY_BODY = YES;
				CLANG_WARN_ENUM_CONVERSION = YES;
				CLANG_WARN_INFINITE_RECURSION = YES;
				CLANG_WARN_INT_CONVERSION = YES;
				CLANG_WARN_NON_LITERAL_NULL_CONVERSION = YES;
				CLANG_WARN_OBJC_LITERAL_CONVERSION = YES;
				CLANG_WARN_OBJC_ROOT_CLASS = YES_ERROR;
				CLANG_WARN_RANGE_LOOP_ANALYSIS = YES;
				CLANG_WARN_STRICT_PROTOTYPES = YES;
				CLANG_WARN_SUSPICIOUS_MOVE = YES;
				CLANG_WARN_UNGUARDED_AVAILABILITY = YES_AGGRESSIVE;
				CLANG_WARN_UNREACHABLE_CODE = YES;
				CLANG_WARN__DUPLICATE_METHOD_MATCH = YES;
				CODE_SIGN_IDENTITY = "-";
				COPY_PHASE_STRIP = NO;
				DEBUG_INFORMATION_FORMAT = "dwarf-with-dsym";
				ENABLE_NS_ASSERTIONS = NO;
				ENABLE_STRICT_OBJC_MSGSEND = YES;
				GCC_C_LANGUAGE_STANDARD = gnu11;
				GCC_NO_COMMON_BLOCKS = YES;
				GCC_WARN_64_TO_32_BIT_CONVERSION = YES;
				GCC_WARN_ABOUT_RETURN_TYPE = YES_ERROR;
				GCC_WARN_UNDECLARED_SELECTOR = YES;
				GCC_WARN_UNINITIALIZED_AUTOS = YES_AGGRESSIVE;
				GCC_WARN_UNUSED_FUNCTION = YES;
				GCC_WARN_UNUSED_VARIABLE = YES;
				MACOSX_DEPLOYMENT_TARGET = 10.12;
				MTL_ENABLE_DEBUG_INFO = NO;
				SDKROOT = macosx;
			};
			name = Release;
		};
		0D67E1C2212EB074000CDCDD /* Debug */ = {
			isa = XCBuildConfiguration;
			buildSettings = {
				CODE_SIGN_STYLE = Automatic;
				PRODUCT_NAME = "$(TARGET_NAME)";
			};
			name = Debug;
		};
		0D67E1C3212EB074000CDCDD /* Release */ = {
			isa = XCBuildConfiguration;
			buildSettings = {
				CODE_SIGN_STYLE = Automatic;
				PRODUCT_NAME = "$(TARGET_NAME)";
			};
			name = Release;
		};
/* End XCBuildConfiguration section */

/* Begin XCConfigurationList section */
		0D67E1B5212EB074000CDCDD /* Build configuration list for PBXProject "State" */ = {
			isa = XCConfigurationList;
			buildConfigurations = (
				0D67E1BF212EB074000CDCDD /* Debug */,
				0D67E1C0212EB074000CDCDD /* Release */,
			);
			defaultConfigurationIsVisible = 0;
			defaultConfigurationName = Release;
		};
		0D67E1C1212EB074000CDCDD /* Build configuration list for PBXNativeTarget "State" */ = {
			isa = XCConfigurationList;
			buildConfigurations = (
				0D67E1C2212EB074000CDCDD /* Debug */,
				0D67E1C3212EB074000CDCDD /* Release */,
			);
			defaultConfigurationIsVisible = 0;
			defaultConfigurationName = Release;
		};
/* End XCConfigurationList section */
	};
	rootObject = 0D67E1B2212EB074000CDCDD /* Project object */;
}
