// !$*UTF8*$!
{
	archiveVersion = 1;
	classes = {
	};
	objectVersion = 48;
	objects = {

/* Begin PBXBuildFile section */
		0DC3FF412079E2FF004F994D /* AppDelegate.m in Sources */ = {isa = PBXBuildFile; fileRef = 0DC3FF402079E2FF004F994D /* AppDelegate.m */; };
		0DC3FF472079E2FF004F994D /* Main.storyboard in Resources */ = {isa = PBXBuildFile; fileRef = 0DC3FF452079E2FF004F994D /* Main.storyboard */; };
		0DC3FF492079E2FF004F994D /* Assets.xcassets in Resources */ = {isa = PBXBuildFile; fileRef = 0DC3FF482079E2FF004F994D /* Assets.xcassets */; };
		0DC3FF4C2079E2FF004F994D /* LaunchScreen.storyboard in Resources */ = {isa = PBXBuildFile; fileRef = 0DC3FF4A2079E2FF004F994D /* LaunchScreen.storyboard */; };
		0DC3FF4F2079E2FF004F994D /* main.m in Sources */ = {isa = PBXBuildFile; fileRef = 0DC3FF4E2079E2FF004F994D /* main.m */; };
		0DC3FF592079E2FF004F994D /* MediatorTests.m in Sources */ = {isa = PBXBuildFile; fileRef = 0DC3FF582079E2FF004F994D /* MediatorTests.m */; };
		0DC3FF642079E2FF004F994D /* MediatorUITests.m in Sources */ = {isa = PBXBuildFile; fileRef = 0DC3FF632079E2FF004F994D /* MediatorUITests.m */; };
		0DC3FF732079E360004F994D /* UIViewController+ChildViewController.m in Sources */ = {isa = PBXBuildFile; fileRef = 0DC3FF722079E360004F994D /* UIViewController+ChildViewController.m */; };
		0DC3FF7C2079E4B0004F994D /* LaunchViewController.m in Sources */ = {isa = PBXBuildFile; fileRef = 0DC3FF7B2079E4B0004F994D /* LaunchViewController.m */; };
		0DC3FF7F2079E4C9004F994D /* LoginViewController.m in Sources */ = {isa = PBXBuildFile; fileRef = 0DC3FF7E2079E4C9004F994D /* LoginViewController.m */; };
		0DC3FF822079E4E6004F994D /* MainViewController.m in Sources */ = {isa = PBXBuildFile; fileRef = 0DC3FF812079E4E6004F994D /* MainViewController.m */; };
		0DC3FF882079E533004F994D /* RootViewController.m in Sources */ = {isa = PBXBuildFile; fileRef = 0DC3FF872079E533004F994D /* RootViewController.m */; };
/* End PBXBuildFile section */

/* Begin PBXContainerItemProxy section */
		0DC3FF552079E2FF004F994D /* PBXContainerItemProxy */ = {
			isa = PBXContainerItemProxy;
			containerPortal = 0DC3FF342079E2FF004F994D /* Project object */;
			proxyType = 1;
			remoteGlobalIDString = 0DC3FF3B2079E2FF004F994D;
			remoteInfo = Mediator;
		};
		0DC3FF602079E2FF004F994D /* PBXContainerItemProxy */ = {
			isa = PBXContainerItemProxy;
			containerPortal = 0DC3FF342079E2FF004F994D /* Project object */;
			proxyType = 1;
			remoteGlobalIDString = 0DC3FF3B2079E2FF004F994D;
			remoteInfo = Mediator;
		};
/* End PBXContainerItemProxy section */

/* Begin PBXFileReference section */
		0DC3FF3C2079E2FF004F994D /* Mediator.app */ = {isa = PBXFileReference; explicitFileType = wrapper.application; includeInIndex = 0; path = Mediator.app; sourceTree = BUILT_PRODUCTS_DIR; };
		0DC3FF3F2079E2FF004F994D /* AppDelegate.h */ = {isa = PBXFileReference; lastKnownFileType = sourcecode.c.h; path = AppDelegate.h; sourceTree = "<group>"; };
		0DC3FF402079E2FF004F994D /* AppDelegate.m */ = {isa = PBXFileReference; lastKnownFileType = sourcecode.c.objc; path = AppDelegate.m; sourceTree = "<group>"; };
		0DC3FF462079E2FF004F994D /* Base */ = {isa = PBXFileReference; lastKnownFileType = file.storyboard; name = Base; path = Base.lproj/Main.storyboard; sourceTree = "<group>"; };
		0DC3FF482079E2FF004F994D /* Assets.xcassets */ = {isa = PBXFileReference; lastKnownFileType = folder.assetcatalog; path = Assets.xcassets; sourceTree = "<group>"; };
		0DC3FF4B2079E2FF004F994D /* Base */ = {isa = PBXFileReference; lastKnownFileType = file.storyboard; name = Base; path = Base.lproj/LaunchScreen.storyboard; sourceTree = "<group>"; };
		0DC3FF4D2079E2FF004F994D /* Info.plist */ = {isa = PBXFileReference; lastKnownFileType = text.plist.xml; path = Info.plist; sourceTree = "<group>"; };
		0DC3FF4E2079E2FF004F994D /* main.m */ = {isa = PBXFileReference; lastKnownFileType = sourcecode.c.objc; path = main.m; sourceTree = "<group>"; };
		0DC3FF542079E2FF004F994D /* MediatorTests.xctest */ = {isa = PBXFileReference; explicitFileType = wrapper.cfbundle; includeInIndex = 0; path = MediatorTests.xctest; sourceTree = BUILT_PRODUCTS_DIR; };
		0DC3FF582079E2FF004F994D /* MediatorTests.m */ = {isa = PBXFileReference; lastKnownFileType = sourcecode.c.objc; path = MediatorTests.m; sourceTree = "<group>"; };
		0DC3FF5A2079E2FF004F994D /* Info.plist */ = {isa = PBXFileReference; lastKnownFileType = text.plist.xml; path = Info.plist; sourceTree = "<group>"; };
		0DC3FF5F2079E2FF004F994D /* MediatorUITests.xctest */ = {isa = PBXFileReference; explicitFileType = wrapper.cfbundle; includeInIndex = 0; path = MediatorUITests.xctest; sourceTree = BUILT_PRODUCTS_DIR; };
		0DC3FF632079E2FF004F994D /* MediatorUITests.m */ = {isa = PBXFileReference; lastKnownFileType = sourcecode.c.objc; path = MediatorUITests.m; sourceTree = "<group>"; };
		0DC3FF652079E2FF004F994D /* Info.plist */ = {isa = PBXFileReference; lastKnownFileType = text.plist.xml; path = Info.plist; sourceTree = "<group>"; };
		0DC3FF712079E360004F994D /* UIViewController+ChildViewController.h */ = {isa = PBXFileReference; lastKnownFileType = sourcecode.c.h; path = "UIViewController+ChildViewController.h"; sourceTree = "<group>"; };
		0DC3FF722079E360004F994D /* UIViewController+ChildViewController.m */ = {isa = PBXFileReference; lastKnownFileType = sourcecode.c.objc; path = "UIViewController+ChildViewController.m"; sourceTree = "<group>"; };
		0DC3FF7A2079E4B0004F994D /* LaunchViewController.h */ = {isa = PBXFileReference; lastKnownFileType = sourcecode.c.h; path = LaunchViewController.h; sourceTree = "<group>"; };
		0DC3FF7B2079E4B0004F994D /* LaunchViewController.m */ = {isa = PBXFileReference; lastKnownFileType = sourcecode.c.objc; path = LaunchViewController.m; sourceTree = "<group>"; };
		0DC3FF7D2079E4C9004F994D /* LoginViewController.h */ = {isa = PBXFileReference; lastKnownFileType = sourcecode.c.h; path = LoginViewController.h; sourceTree = "<group>"; };
		0DC3FF7E2079E4C9004F994D /* LoginViewController.m */ = {isa = PBXFileReference; lastKnownFileType = sourcecode.c.objc; path = LoginViewController.m; sourceTree = "<group>"; };
		0DC3FF802079E4E6004F994D /* MainViewController.h */ = {isa = PBXFileReference; lastKnownFileType = sourcecode.c.h; path = MainViewController.h; sourceTree = "<group>"; };
		0DC3FF812079E4E6004F994D /* MainViewController.m */ = {isa = PBXFileReference; lastKnownFileType = sourcecode.c.objc; path = MainViewController.m; sourceTree = "<group>"; };
		0DC3FF862079E533004F994D /* RootViewController.h */ = {isa = PBXFileReference; lastKnownFileType = sourcecode.c.h; path = RootViewController.h; sourceTree = "<group>"; };
		0DC3FF872079E533004F994D /* RootViewController.m */ = {isa = PBXFileReference; lastKnownFileType = sourcecode.c.objc; path = RootViewController.m; sourceTree = "<group>"; };
/* End PBXFileReference section */

/* Begin PBXFrameworksBuildPhase section */
		0DC3FF392079E2FF004F994D /* Frameworks */ = {
			isa = PBXFrameworksBuildPhase;
			buildActionMask = 2147483647;
			files = (
			);
			runOnlyForDeploymentPostprocessing = 0;
		};
		0DC3FF512079E2FF004F994D /* Frameworks */ = {
			isa = PBXFrameworksBuildPhase;
			buildActionMask = 2147483647;
			files = (
			);
			runOnlyForDeploymentPostprocessing = 0;
		};
		0DC3FF5C2079E2FF004F994D /* Frameworks */ = {
			isa = PBXFrameworksBuildPhase;
			buildActionMask = 2147483647;
			files = (
			);
			runOnlyForDeploymentPostprocessing = 0;
		};
/* End PBXFrameworksBuildPhase section */

/* Begin PBXGroup section */
		0DC3FF332079E2FF004F994D = {
			isa = PBXGroup;
			children = (
				0DC3FF3E2079E2FF004F994D /* Mediator */,
				0DC3FF572079E2FF004F994D /* MediatorTests */,
				0DC3FF622079E2FF004F994D /* MediatorUITests */,
				0DC3FF3D2079E2FF004F994D /* Products */,
			);
			sourceTree = "<group>";
		};
		0DC3FF3D2079E2FF004F994D /* Products */ = {
			isa = PBXGroup;
			children = (
				0DC3FF3C2079E2FF004F994D /* Mediator.app */,
				0DC3FF542079E2FF004F994D /* MediatorTests.xctest */,
				0DC3FF5F2079E2FF004F994D /* MediatorUITests.xctest */,
			);
			name = Products;
			sourceTree = "<group>";
		};
		0DC3FF3E2079E2FF004F994D /* Mediator */ = {
			isa = PBXGroup;
			children = (
				0DC3FF3F2079E2FF004F994D /* AppDelegate.h */,
				0DC3FF402079E2FF004F994D /* AppDelegate.m */,
				0DC3FF862079E533004F994D /* RootViewController.h */,
				0DC3FF872079E533004F994D /* RootViewController.m */,
				0DC3FF7A2079E4B0004F994D /* LaunchViewController.h */,
				0DC3FF7B2079E4B0004F994D /* LaunchViewController.m */,
				0DC3FF7D2079E4C9004F994D /* LoginViewController.h */,
				0DC3FF7E2079E4C9004F994D /* LoginViewController.m */,
				0DC3FF802079E4E6004F994D /* MainViewController.h */,
				0DC3FF812079E4E6004F994D /* MainViewController.m */,
				0DC3FF712079E360004F994D /* UIViewController+ChildViewController.h */,
				0DC3FF722079E360004F994D /* UIViewController+ChildViewController.m */,
				0DC3FF452079E2FF004F994D /* Main.storyboard */,
				0DC3FF482079E2FF004F994D /* Assets.xcassets */,
				0DC3FF4A2079E2FF004F994D /* LaunchScreen.storyboard */,
				0DC3FF4D2079E2FF004F994D /* Info.plist */,
				0DC3FF4E2079E2FF004F994D /* main.m */,
			);
			path = Mediator;
			sourceTree = "<group>";
		};
		0DC3FF572079E2FF004F994D /* MediatorTests */ = {
			isa = PBXGroup;
			children = (
				0DC3FF582079E2FF004F994D /* MediatorTests.m */,
				0DC3FF5A2079E2FF004F994D /* Info.plist */,
			);
			path = MediatorTests;
			sourceTree = "<group>";
		};
		0DC3FF622079E2FF004F994D /* MediatorUITests */ = {
			isa = PBXGroup;
			children = (
				0DC3FF632079E2FF004F994D /* MediatorUITests.m */,
				0DC3FF652079E2FF004F994D /* Info.plist */,
			);
			path = MediatorUITests;
			sourceTree = "<group>";
		};
/* End PBXGroup section */

/* Begin PBXNativeTarget section */
		0DC3FF3B2079E2FF004F994D /* Mediator */ = {
			isa = PBXNativeTarget;
			buildConfigurationList = 0DC3FF682079E2FF004F994D /* Build configuration list for PBXNativeTarget "Mediator" */;
			buildPhases = (
				0DC3FF382079E2FF004F994D /* Sources */,
				0DC3FF392079E2FF004F994D /* Frameworks */,
				0DC3FF3A2079E2FF004F994D /* Resources */,
			);
			buildRules = (
			);
			dependencies = (
			);
			name = Mediator;
			productName = Mediator;
			productReference = 0DC3FF3C2079E2FF004F994D /* Mediator.app */;
			productType = "com.apple.product-type.application";
		};
		0DC3FF532079E2FF004F994D /* MediatorTests */ = {
			isa = PBXNativeTarget;
			buildConfigurationList = 0DC3FF6B2079E2FF004F994D /* Build configuration list for PBXNativeTarget "MediatorTests" */;
			buildPhases = (
				0DC3FF502079E2FF004F994D /* Sources */,
				0DC3FF512079E2FF004F994D /* Frameworks */,
				0DC3FF522079E2FF004F994D /* Resources */,
			);
			buildRules = (
			);
			dependencies = (
				0DC3FF562079E2FF004F994D /* PBXTargetDependency */,
			);
			name = MediatorTests;
			productName = MediatorTests;
			productReference = 0DC3FF542079E2FF004F994D /* MediatorTests.xctest */;
			productType = "com.apple.product-type.bundle.unit-test";
		};
		0DC3FF5E2079E2FF004F994D /* MediatorUITests */ = {
			isa = PBXNativeTarget;
			buildConfigurationList = 0DC3FF6E2079E2FF004F994D /* Build configuration list for PBXNativeTarget "MediatorUITests" */;
			buildPhases = (
				0DC3FF5B2079E2FF004F994D /* Sources */,
				0DC3FF5C2079E2FF004F994D /* Frameworks */,
				0DC3FF5D2079E2FF004F994D /* Resources */,
			);
			buildRules = (
			);
			dependencies = (
				0DC3FF612079E2FF004F994D /* PBXTargetDependency */,
			);
			name = MediatorUITests;
			productName = MediatorUITests;
			productReference = 0DC3FF5F2079E2FF004F994D /* MediatorUITests.xctest */;
			productType = "com.apple.product-type.bundle.ui-testing";
		};
/* End PBXNativeTarget section */

/* Begin PBXProject section */
		0DC3FF342079E2FF004F994D /* Project object */ = {
			isa = PBXProject;
			attributes = {
				LastUpgradeCheck = 0920;
				ORGANIZATIONNAME = FY;
				TargetAttributes = {
					0DC3FF3B2079E2FF004F994D = {
						CreatedOnToolsVersion = 9.2;
						ProvisioningStyle = Automatic;
					};
					0DC3FF532079E2FF004F994D = {
						CreatedOnToolsVersion = 9.2;
						ProvisioningStyle = Automatic;
						TestTargetID = 0DC3FF3B2079E2FF004F994D;
					};
					0DC3FF5E2079E2FF004F994D = {
						CreatedOnToolsVersion = 9.2;
						ProvisioningStyle = Automatic;
						TestTargetID = 0DC3FF3B2079E2FF004F994D;
					};
				};
			};
			buildConfigurationList = 0DC3FF372079E2FF004F994D /* Build configuration list for PBXProject "Mediator" */;
			compatibilityVersion = "Xcode 8.0";
			developmentRegion = en;
			hasScannedForEncodings = 0;
			knownRegions = (
				en,
				Base,
			);
			mainGroup = 0DC3FF332079E2FF004F994D;
			productRefGroup = 0DC3FF3D2079E2FF004F994D /* Products */;
			projectDirPath = "";
			projectRoot = "";
			targets = (
				0DC3FF3B2079E2FF004F994D /* Mediator */,
				0DC3FF532079E2FF004F994D /* MediatorTests */,
				0DC3FF5E2079E2FF004F994D /* MediatorUITests */,
			);
		};
/* End PBXProject section */

/* Begin PBXResourcesBuildPhase section */
		0DC3FF3A2079E2FF004F994D /* Resources */ = {
			isa = PBXResourcesBuildPhase;
			buildActionMask = 2147483647;
			files = (
				0DC3FF4C2079E2FF004F994D /* LaunchScreen.storyboard in Resources */,
				0DC3FF492079E2FF004F994D /* Assets.xcassets in Resources */,
				0DC3FF472079E2FF004F994D /* Main.storyboard in Resources */,
			);
			runOnlyForDeploymentPostprocessing = 0;
		};
		0DC3FF522079E2FF004F994D /* Resources */ = {
			isa = PBXResourcesBuildPhase;
			buildActionMask = 2147483647;
			files = (
			);
			runOnlyForDeploymentPostprocessing = 0;
		};
		0DC3FF5D2079E2FF004F994D /* Resources */ = {
			isa = PBXResourcesBuildPhase;
			buildActionMask = 2147483647;
			files = (
			);
			runOnlyForDeploymentPostprocessing = 0;
		};
/* End PBXResourcesBuildPhase section */

/* Begin PBXSourcesBuildPhase section */
		0DC3FF382079E2FF004F994D /* Sources */ = {
			isa = PBXSourcesBuildPhase;
			buildActionMask = 2147483647;
			files = (
				0DC3FF732079E360004F994D /* UIViewController+ChildViewController.m in Sources */,
				0DC3FF882079E533004F994D /* RootViewController.m in Sources */,
				0DC3FF4F2079E2FF004F994D /* main.m in Sources */,
				0DC3FF7F2079E4C9004F994D /* LoginViewController.m in Sources */,
				0DC3FF412079E2FF004F994D /* AppDelegate.m in Sources */,
				0DC3FF822079E4E6004F994D /* MainViewController.m in Sources */,
				0DC3FF7C2079E4B0004F994D /* LaunchViewController.m in Sources */,
			);
			runOnlyForDeploymentPostprocessing = 0;
		};
		0DC3FF502079E2FF004F994D /* Sources */ = {
			isa = PBXSourcesBuildPhase;
			buildActionMask = 2147483647;
			files = (
				0DC3FF592079E2FF004F994D /* MediatorTests.m in Sources */,
			);
			runOnlyForDeploymentPostprocessing = 0;
		};
		0DC3FF5B2079E2FF004F994D /* Sources */ = {
			isa = PBXSourcesBuildPhase;
			buildActionMask = 2147483647;
			files = (
				0DC3FF642079E2FF004F994D /* MediatorUITests.m in Sources */,
			);
			runOnlyForDeploymentPostprocessing = 0;
		};
/* End PBXSourcesBuildPhase section */

/* Begin PBXTargetDependency section */
		0DC3FF562079E2FF004F994D /* PBXTargetDependency */ = {
			isa = PBXTargetDependency;
			target = 0DC3FF3B2079E2FF004F994D /* Mediator */;
			targetProxy = 0DC3FF552079E2FF004F994D /* PBXContainerItemProxy */;
		};
		0DC3FF612079E2FF004F994D /* PBXTargetDependency */ = {
			isa = PBXTargetDependency;
			target = 0DC3FF3B2079E2FF004F994D /* Mediator */;
			targetProxy = 0DC3FF602079E2FF004F994D /* PBXContainerItemProxy */;
		};
/* End PBXTargetDependency section */

/* Begin PBXVariantGroup section */
		0DC3FF452079E2FF004F994D /* Main.storyboard */ = {
			isa = PBXVariantGroup;
			children = (
				0DC3FF462079E2FF004F994D /* Base */,
			);
			name = Main.storyboard;
			sourceTree = "<group>";
		};
		0DC3FF4A2079E2FF004F994D /* LaunchScreen.storyboard */ = {
			isa = PBXVariantGroup;
			children = (
				0DC3FF4B2079E2FF004F994D /* Base */,
			);
			name = LaunchScreen.storyboard;
			sourceTree = "<group>";
		};
/* End PBXVariantGroup section */

/* Begin XCBuildConfiguration section */
		0DC3FF662079E2FF004F994D /* Debug */ = {
			isa = XCBuildConfiguration;
			buildSettings = {
				ALWAYS_SEARCH_USER_PATHS = NO;
				CLANG_ANALYZER_NONNULL = YES;
				CLANG_ANALYZER_NUMBER_OBJECT_CONVERSION = YES_AGGRESSIVE;
				CLANG_CXX_LANGUAGE_STANDARD = "gnu++14";
				CLANG_CXX_LIBRARY = "libc++";
				CLANG_ENABLE_MODULES = YES;
				CLANG_ENABLE_OBJC_ARC = YES;
				CLANG_WARN_BLOCK_CAPTURE_AUTORELEASING = YES;
				CLANG_WARN_BOOL_CONVERSION = YES;
				CLANG_WARN_COMMA = YES;
				CLANG_WARN_CONSTANT_CONVERSION = YES;
				CLANG_WARN_DIRECT_OBJC_ISA_USAGE = YES_ERROR;
				CLANG_WARN_DOCUMENTATION_COMMENTS = YES;
				CLANG_WARN_EMPTY_BODY = YES;
				CLANG_WARN_ENUM_CONVERSION = YES;
				CLANG_WARN_INFINITE_RECURSION = YES;
				CLANG_WARN_INT_CONVERSION = YES;
				CLANG_WARN_NON_LITERAL_NULL_CONVERSION = YES;
				CLANG_WARN_OBJC_LITERAL_CONVERSION = YES;
				CLANG_WARN_OBJC_ROOT_CLASS = YES_ERROR;
				CLANG_WARN_RANGE_LOOP_ANALYSIS = YES;
				CLANG_WARN_STRICT_PROTOTYPES = YES;
				CLANG_WARN_SUSPICIOUS_MOVE = YES;
				CLANG_WARN_UNGUARDED_AVAILABILITY = YES_AGGRESSIVE;
				CLANG_WARN_UNREACHABLE_CODE = YES;
				CLANG_WARN__DUPLICATE_METHOD_MATCH = YES;
				CODE_SIGN_IDENTITY = "iPhone Developer";
				COPY_PHASE_STRIP = NO;
				DEBUG_INFORMATION_FORMAT = dwarf;
				ENABLE_STRICT_OBJC_MSGSEND = YES;
				ENABLE_TESTABILITY = YES;
				GCC_C_LANGUAGE_STANDARD = gnu11;
				GCC_DYNAMIC_NO_PIC = NO;
				GCC_NO_COMMON_BLOCKS = YES;
				GCC_OPTIMIZATION_LEVEL = 0;
				GCC_PREPROCESSOR_DEFINITIONS = (
					"DEBUG=1",
					"$(inherited)",
				);
				GCC_WARN_64_TO_32_BIT_CONVERSION = YES;
				GCC_WARN_ABOUT_RETURN_TYPE = YES_ERROR;
				GCC_WARN_UNDECLARED_SELECTOR = YES;
				GCC_WARN_UNINITIALIZED_AUTOS = YES_AGGRESSIVE;
				GCC_WARN_UNUSED_FUNCTION = YES;
				GCC_WARN_UNUSED_VARIABLE = YES;
				IPHONEOS_DEPLOYMENT_TARGET = 11.2;
				MTL_ENABLE_DEBUG_INFO = YES;
				ONLY_ACTIVE_ARCH = YES;
				SDKROOT = iphoneos;
			};
			name = Debug;
		};
		0DC3FF672079E2FF004F994D /* Release */ = {
			isa = XCBuildConfiguration;
			buildSettings = {
				ALWAYS_SEARCH_USER_PATHS = NO;
				CLANG_ANALYZER_NONNULL = YES;
				CLANG_ANALYZER_NUMBER_OBJECT_CONVERSION = YES_AGGRESSIVE;
				CLANG_CXX_LANGUAGE_STANDARD = "gnu++14";
				CLANG_CXX_LIBRARY = "libc++";
				CLANG_ENABLE_MODULES = YES;
				CLANG_ENABLE_OBJC_ARC = YES;
				CLANG_WARN_BLOCK_CAPTURE_AUTORELEASING = YES;
				CLANG_WARN_BOOL_CONVERSION = YES;
				CLANG_WARN_COMMA = YES;
				CLANG_WARN_CONSTANT_CONVERSION = YES;
				CLANG_WARN_DIRECT_OBJC_ISA_USAGE = YES_ERROR;
				CLANG_WARN_DOCUMENTATION_COMMENTS = YES;
				CLANG_WARN_EMPTY_BODY = YES;
				CLANG_WARN_ENUM_CONVERSION = YES;
				CLANG_WARN_INFINITE_RECURSION = YES;
				CLANG_WARN_INT_CONVERSION = YES;
				CLANG_WARN_NON_LITERAL_NULL_CONVERSION = YES;
				CLANG_WARN_OBJC_LITERAL_CONVERSION = YES;
				CLANG_WARN_OBJC_ROOT_CLASS = YES_ERROR;
				CLANG_WARN_RANGE_LOOP_ANALYSIS = YES;
				CLANG_WARN_STRICT_PROTOTYPES = YES;
				CLANG_WARN_SUSPICIOUS_MOVE = YES;
				CLANG_WARN_UNGUARDED_AVAILABILITY = YES_AGGRESSIVE;
				CLANG_WARN_UNREACHABLE_CODE = YES;
				CLANG_WARN__DUPLICATE_METHOD_MATCH = YES;
				CODE_SIGN_IDENTITY = "iPhone Developer";
				COPY_PHASE_STRIP = NO;
				DEBUG_INFORMATION_FORMAT = "dwarf-with-dsym";
				ENABLE_NS_ASSERTIONS = NO;
				ENABLE_STRICT_OBJC_MSGSEND = YES;
				GCC_C_LANGUAGE_STANDARD = gnu11;
				GCC_NO_COMMON_BLOCKS = YES;
				GCC_WARN_64_TO_32_BIT_CONVERSION = YES;
				GCC_WARN_ABOUT_RETURN_TYPE = YES_ERROR;
				GCC_WARN_UNDECLARED_SELECTOR = YES;
				GCC_WARN_UNINITIALIZED_AUTOS = YES_AGGRESSIVE;
				GCC_WARN_UNUSED_FUNCTION = YES;
				GCC_WARN_UNUSED_VARIABLE = YES;
				IPHONEOS_DEPLOYMENT_TARGET = 11.2;
				MTL_ENABLE_DEBUG_INFO = NO;
				SDKROOT = iphoneos;
				VALIDATE_PRODUCT = YES;
			};
			name = Release;
		};
		0DC3FF692079E2FF004F994D /* Debug */ = {
			isa = XCBuildConfiguration;
			buildSettings = {
				ASSETCATALOG_COMPILER_APPICON_NAME = AppIcon;
				CODE_SIGN_STYLE = Automatic;
				INFOPLIST_FILE = Mediator/Info.plist;
				LD_RUNPATH_SEARCH_PATHS = "$(inherited) @executable_path/Frameworks";
				PRODUCT_BUNDLE_IDENTIFIER = lncircle.Mediator;
				PRODUCT_NAME = "$(TARGET_NAME)";
				TARGETED_DEVICE_FAMILY = "1,2";
			};
			name = Debug;
		};
		0DC3FF6A2079E2FF004F994D /* Release */ = {
			isa = XCBuildConfiguration;
			buildSettings = {
				ASSETCATALOG_COMPILER_APPICON_NAME = AppIcon;
				CODE_SIGN_STYLE = Automatic;
				INFOPLIST_FILE = Mediator/Info.plist;
				LD_RUNPATH_SEARCH_PATHS = "$(inherited) @executable_path/Frameworks";
				PRODUCT_BUNDLE_IDENTIFIER = lncircle.Mediator;
				PRODUCT_NAME = "$(TARGET_NAME)";
				TARGETED_DEVICE_FAMILY = "1,2";
			};
			name = Release;
		};
		0DC3FF6C2079E2FF004F994D /* Debug */ = {
			isa = XCBuildConfiguration;
			buildSettings = {
				BUNDLE_LOADER = "$(TEST_HOST)";
				CODE_SIGN_STYLE = Automatic;
				INFOPLIST_FILE = MediatorTests/Info.plist;
				LD_RUNPATH_SEARCH_PATHS = "$(inherited) @executable_path/Frameworks @loader_path/Frameworks";
				PRODUCT_BUNDLE_IDENTIFIER = lncircle.MediatorTests;
				PRODUCT_NAME = "$(TARGET_NAME)";
				TARGETED_DEVICE_FAMILY = "1,2";
				TEST_HOST = "$(BUILT_PRODUCTS_DIR)/Mediator.app/Mediator";
			};
			name = Debug;
		};
		0DC3FF6D2079E2FF004F994D /* Release */ = {
			isa = XCBuildConfiguration;
			buildSettings = {
				BUNDLE_LOADER = "$(TEST_HOST)";
				CODE_SIGN_STYLE = Automatic;
				INFOPLIST_FILE = MediatorTests/Info.plist;
				LD_RUNPATH_SEARCH_PATHS = "$(inherited) @executable_path/Frameworks @loader_path/Frameworks";
				PRODUCT_BUNDLE_IDENTIFIER = lncircle.MediatorTests;
				PRODUCT_NAME = "$(TARGET_NAME)";
				TARGETED_DEVICE_FAMILY = "1,2";
				TEST_HOST = "$(BUILT_PRODUCTS_DIR)/Mediator.app/Mediator";
			};
			name = Release;
		};
		0DC3FF6F2079E2FF004F994D /* Debug */ = {
			isa = XCBuildConfiguration;
			buildSettings = {
				CODE_SIGN_STYLE = Automatic;
				INFOPLIST_FILE = MediatorUITests/Info.plist;
				LD_RUNPATH_SEARCH_PATHS = "$(inherited) @executable_path/Frameworks @loader_path/Frameworks";
				PRODUCT_BUNDLE_IDENTIFIER = lncircle.MediatorUITests;
				PRODUCT_NAME = "$(TARGET_NAME)";
				TARGETED_DEVICE_FAMILY = "1,2";
				TEST_TARGET_NAME = Mediator;
			};
			name = Debug;
		};
		0DC3FF702079E2FF004F994D /* Release */ = {
			isa = XCBuildConfiguration;
			buildSettings = {
				CODE_SIGN_STYLE = Automatic;
				INFOPLIST_FILE = MediatorUITests/Info.plist;
				LD_RUNPATH_SEARCH_PATHS = "$(inherited) @executable_path/Frameworks @loader_path/Frameworks";
				PRODUCT_BUNDLE_IDENTIFIER = lncircle.MediatorUITests;
				PRODUCT_NAME = "$(TARGET_NAME)";
				TARGETED_DEVICE_FAMILY = "1,2";
				TEST_TARGET_NAME = Mediator;
			};
			name = Release;
		};
/* End XCBuildConfiguration section */

/* Begin XCConfigurationList section */
		0DC3FF372079E2FF004F994D /* Build configuration list for PBXProject "Mediator" */ = {
			isa = XCConfigurationList;
			buildConfigurations = (
				0DC3FF662079E2FF004F994D /* Debug */,
				0DC3FF672079E2FF004F994D /* Release */,
			);
			defaultConfigurationIsVisible = 0;
			defaultConfigurationName = Release;
		};
		0DC3FF682079E2FF004F994D /* Build configuration list for PBXNativeTarget "Mediator" */ = {
			isa = XCConfigurationList;
			buildConfigurations = (
				0DC3FF692079E2FF004F994D /* Debug */,
				0DC3FF6A2079E2FF004F994D /* Release */,
			);
			defaultConfigurationIsVisible = 0;
			defaultConfigurationName = Release;
		};
		0DC3FF6B2079E2FF004F994D /* Build configuration list for PBXNativeTarget "MediatorTests" */ = {
			isa = XCConfigurationList;
			buildConfigurations = (
				0DC3FF6C2079E2FF004F994D /* Debug */,
				0DC3FF6D2079E2FF004F994D /* Release */,
			);
			defaultConfigurationIsVisible = 0;
			defaultConfigurationName = Release;
		};
		0DC3FF6E2079E2FF004F994D /* Build configuration list for PBXNativeTarget "MediatorUITests" */ = {
			isa = XCConfigurationList;
			buildConfigurations = (
				0DC3FF6F2079E2FF004F994D /* Debug */,
				0DC3FF702079E2FF004F994D /* Release */,
			);
			defaultConfigurationIsVisible = 0;
			defaultConfigurationName = Release;
		};
/* End XCConfigurationList section */
	};
	rootObject = 0DC3FF342079E2FF004F994D /* Project object */;
}
