// !$*UTF8*$!
{
	archiveVersion = 1;
	classes = {
	};
	objectVersion = 48;
	objects = {

/* Begin PBXBuildFile section */
		0D74AAF32078E4FB00D4ECFC /* main.m in Sources */ = {isa = PBXBuildFile; fileRef = 0D74AAF22078E4FB00D4ECFC /* main.m */; };
		0D74AAFB2078E53200D4ECFC /* Run.m in Sources */ = {isa = PBXBuildFile; fileRef = 0D74AAFA2078E53200D4ECFC /* Run.m */; };
		0D74AAFF2078E5F500D4ECFC /* RunDecorator.m in Sources */ = {isa = PBXBuildFile; fileRef = 0D74AAFE2078E5F500D4ECFC /* RunDecorator.m */; };
		0D74AB022078E67900D4ECFC /* SlowDecorator.m in Sources */ = {isa = PBXBuildFile; fileRef = 0D74AB012078E67900D4ECFC /* SlowDecorator.m */; };
		0D74AB052078E69000D4ECFC /* FastDecorator.m in Sources */ = {isa = PBXBuildFile; fileRef = 0D74AB042078E69000D4ECFC /* FastDecorator.m */; };
		0D74AB082078E8AE00D4ECFC /* Run+Decorator.m in Sources */ = {isa = PBXBuildFile; fileRef = 0D74AB072078E8AE00D4ECFC /* Run+Decorator.m */; };
/* End PBXBuildFile section */

/* Begin PBXCopyFilesBuildPhase section */
		0D74AAED2078E4FB00D4ECFC /* CopyFiles */ = {
			isa = PBXCopyFilesBuildPhase;
			buildActionMask = 2147483647;
			dstPath = /usr/share/man/man1/;
			dstSubfolderSpec = 0;
			files = (
			);
			runOnlyForDeploymentPostprocessing = 1;
		};
/* End PBXCopyFilesBuildPhase section */

/* Begin PBXFileReference section */
		0D74AAEF2078E4FB00D4ECFC /* Decorator */ = {isa = PBXFileReference; explicitFileType = "compiled.mach-o.executable"; includeInIndex = 0; path = Decorator; sourceTree = BUILT_PRODUCTS_DIR; };
		0D74AAF22078E4FB00D4ECFC /* main.m */ = {isa = PBXFileReference; lastKnownFileType = sourcecode.c.objc; path = main.m; sourceTree = "<group>"; };
		0D74AAF92078E53200D4ECFC /* Run.h */ = {isa = PBXFileReference; lastKnownFileType = sourcecode.c.h; path = Run.h; sourceTree = "<group>"; };
		0D74AAFA2078E53200D4ECFC /* Run.m */ = {isa = PBXFileReference; lastKnownFileType = sourcecode.c.objc; path = Run.m; sourceTree = "<group>"; };
		0D74AAFC2078E54A00D4ECFC /* RunProtocol.h */ = {isa = PBXFileReference; lastKnownFileType = sourcecode.c.h; path = RunProtocol.h; sourceTree = "<group>"; };
		0D74AAFD2078E5F500D4ECFC /* RunDecorator.h */ = {isa = PBXFileReference; lastKnownFileType = sourcecode.c.h; path = RunDecorator.h; sourceTree = "<group>"; };
		0D74AAFE2078E5F500D4ECFC /* RunDecorator.m */ = {isa = PBXFileReference; lastKnownFileType = sourcecode.c.objc; path = RunDecorator.m; sourceTree = "<group>"; };
		0D74AB002078E67900D4ECFC /* SlowDecorator.h */ = {isa = PBXFileReference; lastKnownFileType = sourcecode.c.h; path = SlowDecorator.h; sourceTree = "<group>"; };
		0D74AB012078E67900D4ECFC /* SlowDecorator.m */ = {isa = PBXFileReference; lastKnownFileType = sourcecode.c.objc; path = SlowDecorator.m; sourceTree = "<group>"; };
		0D74AB032078E69000D4ECFC /* FastDecorator.h */ = {isa = PBXFileReference; lastKnownFileType = sourcecode.c.h; path = FastDecorator.h; sourceTree = "<group>"; };
		0D74AB042078E69000D4ECFC /* FastDecorator.m */ = {isa = PBXFileReference; lastKnownFileType = sourcecode.c.objc; path = FastDecorator.m; sourceTree = "<group>"; };
		0D74AB062078E8AE00D4ECFC /* Run+Decorator.h */ = {isa = PBXFileReference; lastKnownFileType = sourcecode.c.h; path = "Run+Decorator.h"; sourceTree = "<group>"; };
		0D74AB072078E8AE00D4ECFC /* Run+Decorator.m */ = {isa = PBXFileReference; lastKnownFileType = sourcecode.c.objc; path = "Run+Decorator.m"; sourceTree = "<group>"; };
/* End PBXFileReference section */

/* Begin PBXFrameworksBuildPhase section */
		0D74AAEC2078E4FB00D4ECFC /* Frameworks */ = {
			isa = PBXFrameworksBuildPhase;
			buildActionMask = 2147483647;
			files = (
			);
			runOnlyForDeploymentPostprocessing = 0;
		};
/* End PBXFrameworksBuildPhase section */

/* Begin PBXGroup section */
		0D74AAE62078E4FB00D4ECFC = {
			isa = PBXGroup;
			children = (
				0D74AAF12078E4FB00D4ECFC /* Decorator */,
				0D74AAF02078E4FB00D4ECFC /* Products */,
			);
			sourceTree = "<group>";
		};
		0D74AAF02078E4FB00D4ECFC /* Products */ = {
			isa = PBXGroup;
			children = (
				0D74AAEF2078E4FB00D4ECFC /* Decorator */,
			);
			name = Products;
			sourceTree = "<group>";
		};
		0D74AAF12078E4FB00D4ECFC /* Decorator */ = {
			isa = PBXGroup;
			children = (
				0D74AAF22078E4FB00D4ECFC /* main.m */,
				0D74AAFC2078E54A00D4ECFC /* RunProtocol.h */,
				0D74AAF92078E53200D4ECFC /* Run.h */,
				0D74AAFA2078E53200D4ECFC /* Run.m */,
				0D74AAFD2078E5F500D4ECFC /* RunDecorator.h */,
				0D74AAFE2078E5F500D4ECFC /* RunDecorator.m */,
				0D74AB002078E67900D4ECFC /* SlowDecorator.h */,
				0D74AB012078E67900D4ECFC /* SlowDecorator.m */,
				0D74AB032078E69000D4ECFC /* FastDecorator.h */,
				0D74AB042078E69000D4ECFC /* FastDecorator.m */,
				0D74AB062078E8AE00D4ECFC /* Run+Decorator.h */,
				0D74AB072078E8AE00D4ECFC /* Run+Decorator.m */,
			);
			path = Decorator;
			sourceTree = "<group>";
		};
/* End PBXGroup section */

/* Begin PBXNativeTarget section */
		0D74AAEE2078E4FB00D4ECFC /* Decorator */ = {
			isa = PBXNativeTarget;
			buildConfigurationList = 0D74AAF62078E4FB00D4ECFC /* Build configuration list for PBXNativeTarget "Decorator" */;
			buildPhases = (
				0D74AAEB2078E4FB00D4ECFC /* Sources */,
				0D74AAEC2078E4FB00D4ECFC /* Frameworks */,
				0D74AAED2078E4FB00D4ECFC /* CopyFiles */,
			);
			buildRules = (
			);
			dependencies = (
			);
			name = Decorator;
			productName = Decorator;
			productReference = 0D74AAEF2078E4FB00D4ECFC /* Decorator */;
			productType = "com.apple.product-type.tool";
		};
/* End PBXNativeTarget section */

/* Begin PBXProject section */
		0D74AAE72078E4FB00D4ECFC /* Project object */ = {
			isa = PBXProject;
			attributes = {
				LastUpgradeCheck = 0920;
				ORGANIZATIONNAME = FY;
				TargetAttributes = {
					0D74AAEE2078E4FB00D4ECFC = {
						CreatedOnToolsVersion = 9.2;
						ProvisioningStyle = Automatic;
					};
				};
			};
			buildConfigurationList = 0D74AAEA2078E4FB00D4ECFC /* Build configuration list for PBXProject "Decorator" */;
			compatibilityVersion = "Xcode 8.0";
			developmentRegion = en;
			hasScannedForEncodings = 0;
			knownRegions = (
				en,
			);
			mainGroup = 0D74AAE62078E4FB00D4ECFC;
			productRefGroup = 0D74AAF02078E4FB00D4ECFC /* Products */;
			projectDirPath = "";
			projectRoot = "";
			targets = (
				0D74AAEE2078E4FB00D4ECFC /* Decorator */,
			);
		};
/* End PBXProject section */

/* Begin PBXSourcesBuildPhase section */
		0D74AAEB2078E4FB00D4ECFC /* Sources */ = {
			isa = PBXSourcesBuildPhase;
			buildActionMask = 2147483647;
			files = (
				0D74AAFF2078E5F500D4ECFC /* RunDecorator.m in Sources */,
				0D74AAF32078E4FB00D4ECFC /* main.m in Sources */,
				0D74AB022078E67900D4ECFC /* SlowDecorator.m in Sources */,
				0D74AB082078E8AE00D4ECFC /* Run+Decorator.m in Sources */,
				0D74AAFB2078E53200D4ECFC /* Run.m in Sources */,
				0D74AB052078E69000D4ECFC /* FastDecorator.m in Sources */,
			);
			runOnlyForDeploymentPostprocessing = 0;
		};
/* End PBXSourcesBuildPhase section */

/* Begin XCBuildConfiguration section */
		0D74AAF42078E4FB00D4ECFC /* Debug */ = {
			isa = XCBuildConfiguration;
			buildSettings = {
				ALWAYS_SEARCH_USER_PATHS = NO;
				CLANG_ANALYZER_NONNULL = YES;
				CLANG_ANALYZER_NUMBER_OBJECT_CONVERSION = YES_AGGRESSIVE;
				CLANG_CXX_LANGUAGE_STANDARD = "gnu++14";
				CLANG_CXX_LIBRARY = "libc++";
				CLANG_ENABLE_MODULES = YES;
				CLANG_ENABLE_OBJC_ARC = YES;
				CLANG_WARN_BLOCK_CAPTURE_AUTORELEASING = YES;
				CLANG_WARN_BOOL_CONVERSION = YES;
				CLANG_WARN_COMMA = YES;
				CLANG_WARN_CONSTANT_CONVERSION = YES;
				CLANG_WARN_DIRECT_OBJC_ISA_USAGE = YES_ERROR;
				CLANG_WARN_DOCUMENTATION_COMMENTS = YES;
				CLANG_WARN_EMPTY_BODY = YES;
				CLANG_WARN_ENUM_CONVERSION = YES;
				CLANG_WARN_INFINITE_RECURSION = YES;
				CLANG_WARN_INT_CONVERSION = YES;
				CLANG_WARN_NON_LITERAL_NULL_CONVERSION = YES;
				CLANG_WARN_OBJC_LITERAL_CONVERSION = YES;
				CLANG_WARN_OBJC_ROOT_CLASS = YES_ERROR;
				CLANG_WARN_RANGE_LOOP_ANALYSIS = YES;
				CLANG_WARN_STRICT_PROTOTYPES = YES;
				CLANG_WARN_SUSPICIOUS_MOVE = YES;
				CLANG_WARN_UNGUARDED_AVAILABILITY = YES_AGGRESSIVE;
				CLANG_WARN_UNREACHABLE_CODE = YES;
				CLANG_WARN__DUPLICATE_METHOD_MATCH = YES;
				CODE_SIGN_IDENTITY = "-";
				COPY_PHASE_STRIP = NO;
				DEBUG_INFORMATION_FORMAT = dwarf;
				ENABLE_STRICT_OBJC_MSGSEND = YES;
				ENABLE_TESTABILITY = YES;
				GCC_C_LANGUAGE_STANDARD = gnu11;
				GCC_DYNAMIC_NO_PIC = NO;
				GCC_NO_COMMON_BLOCKS = YES;
				GCC_OPTIMIZATION_LEVEL = 0;
				GCC_PREPROCESSOR_DEFINITIONS = (
					"DEBUG=1",
					"$(inherited)",
				);
				GCC_WARN_64_TO_32_BIT_CONVERSION = YES;
				GCC_WARN_ABOUT_RETURN_TYPE = YES_ERROR;
				GCC_WARN_UNDECLARED_SELECTOR = YES;
				GCC_WARN_UNINITIALIZED_AUTOS = YES_AGGRESSIVE;
				GCC_WARN_UNUSED_FUNCTION = YES;
				GCC_WARN_UNUSED_VARIABLE = YES;
				MACOSX_DEPLOYMENT_TARGET = 10.12;
				MTL_ENABLE_DEBUG_INFO = YES;
				ONLY_ACTIVE_ARCH = YES;
				SDKROOT = macosx;
			};
			name = Debug;
		};
		0D74AAF52078E4FB00D4ECFC /* Release */ = {
			isa = XCBuildConfiguration;
			buildSettings = {
				ALWAYS_SEARCH_USER_PATHS = NO;
				CLANG_ANALYZER_NONNULL = YES;
				CLANG_ANALYZER_NUMBER_OBJECT_CONVERSION = YES_AGGRESSIVE;
				CLANG_CXX_LANGUAGE_STANDARD = "gnu++14";
				CLANG_CXX_LIBRARY = "libc++";
				CLANG_ENABLE_MODULES = YES;
				CLANG_ENABLE_OBJC_ARC = YES;
				CLANG_WARN_BLOCK_CAPTURE_AUTORELEASING = YES;
				CLANG_WARN_BOOL_CONVERSION = YES;
				CLANG_WARN_COMMA = YES;
				CLANG_WARN_CONSTANT_CONVERSION = YES;
				CLANG_WARN_DIRECT_OBJC_ISA_USAGE = YES_ERROR;
				CLANG_WARN_DOCUMENTATION_COMMENTS = YES;
				CLANG_WARN_EMPTY_BODY = YES;
				CLANG_WARN_ENUM_CONVERSION = YES;
				CLANG_WARN_INFINITE_RECURSION = YES;
				CLANG_WARN_INT_CONVERSION = YES;
				CLANG_WARN_NON_LITERAL_NULL_CONVERSION = YES;
				CLANG_WARN_OBJC_LITERAL_CONVERSION = YES;
				CLANG_WARN_OBJC_ROOT_CLASS = YES_ERROR;
				CLANG_WARN_RANGE_LOOP_ANALYSIS = YES;
				CLANG_WARN_STRICT_PROTOTYPES = YES;
				CLANG_WARN_SUSPICIOUS_MOVE = YES;
				CLANG_WARN_UNGUARDED_AVAILABILITY = YES_AGGRESSIVE;
				CLANG_WARN_UNREACHABLE_CODE = YES;
				CLANG_WARN__DUPLICATE_METHOD_MATCH = YES;
				CODE_SIGN_IDENTITY = "-";
				COPY_PHASE_STRIP = NO;
				DEBUG_INFORMATION_FORMAT = "dwarf-with-dsym";
				ENABLE_NS_ASSERTIONS = NO;
				ENABLE_STRICT_OBJC_MSGSEND = YES;
				GCC_C_LANGUAGE_STANDARD = gnu11;
				GCC_NO_COMMON_BLOCKS = YES;
				GCC_WARN_64_TO_32_BIT_CONVERSION = YES;
				GCC_WARN_ABOUT_RETURN_TYPE = YES_ERROR;
				GCC_WARN_UNDECLARED_SELECTOR = YES;
				GCC_WARN_UNINITIALIZED_AUTOS = YES_AGGRESSIVE;
				GCC_WARN_UNUSED_FUNCTION = YES;
				GCC_WARN_UNUSED_VARIABLE = YES;
				MACOSX_DEPLOYMENT_TARGET = 10.12;
				MTL_ENABLE_DEBUG_INFO = NO;
				SDKROOT = macosx;
			};
			name = Release;
		};
		0D74AAF72078E4FB00D4ECFC /* Debug */ = {
			isa = XCBuildConfiguration;
			buildSettings = {
				CODE_SIGN_STYLE = Automatic;
				PRODUCT_NAME = "$(TARGET_NAME)";
			};
			name = Debug;
		};
		0D74AAF82078E4FB00D4ECFC /* Release */ = {
			isa = XCBuildConfiguration;
			buildSettings = {
				CODE_SIGN_STYLE = Automatic;
				PRODUCT_NAME = "$(TARGET_NAME)";
			};
			name = Release;
		};
/* End XCBuildConfiguration section */

/* Begin XCConfigurationList section */
		0D74AAEA2078E4FB00D4ECFC /* Build configuration list for PBXProject "Decorator" */ = {
			isa = XCConfigurationList;
			buildConfigurations = (
				0D74AAF42078E4FB00D4ECFC /* Debug */,
				0D74AAF52078E4FB00D4ECFC /* Release */,
			);
			defaultConfigurationIsVisible = 0;
			defaultConfigurationName = Release;
		};
		0D74AAF62078E4FB00D4ECFC /* Build configuration list for PBXNativeTarget "Decorator" */ = {
			isa = XCConfigurationList;
			buildConfigurations = (
				0D74AAF72078E4FB00D4ECFC /* Debug */,
				0D74AAF82078E4FB00D4ECFC /* Release */,
			);
			defaultConfigurationIsVisible = 0;
			defaultConfigurationName = Release;
		};
/* End XCConfigurationList section */
	};
	rootObject = 0D74AAE72078E4FB00D4ECFC /* Project object */;
}
