// !$*UTF8*$!
{
	archiveVersion = 1;
	classes = {
	};
	objectVersion = 48;
	objects = {

/* Begin PBXBuildFile section */
		0D581F18212FA80000DAC666 /* main.m in Sources */ = {isa = PBXBuildFile; fileRef = 0D581F17212FA80000DAC666 /* main.m */; };
		0D581F26212FAD1A00DAC666 /* Originator.m in Sources */ = {isa = PBXBuildFile; fileRef = 0D581F25212FAD1A00DAC666 /* Originator.m */; };
		0D581F29212FB23200DAC666 /* CareTaker.m in Sources */ = {isa = PBXBuildFile; fileRef = 0D581F28212FB23200DAC666 /* CareTaker.m */; };
		0D581F2C212FB5C900DAC666 /* Memento.m in Sources */ = {isa = PBXBuildFile; fileRef = 0D581F2B212FB5C900DAC666 /* Memento.m */; };
/* End PBXBuildFile section */

/* Begin PBXCopyFilesBuildPhase section */
		0D581F12212FA80000DAC666 /* CopyFiles */ = {
			isa = PBXCopyFilesBuildPhase;
			buildActionMask = 2147483647;
			dstPath = /usr/share/man/man1/;
			dstSubfolderSpec = 0;
			files = (
			);
			runOnlyForDeploymentPostprocessing = 1;
		};
/* End PBXCopyFilesBuildPhase section */

/* Begin PBXFileReference section */
		0D581F14212FA80000DAC666 /* Memento */ = {isa = PBXFileReference; explicitFileType = "compiled.mach-o.executable"; includeInIndex = 0; path = Memento; sourceTree = BUILT_PRODUCTS_DIR; };
		0D581F17212FA80000DAC666 /* main.m */ = {isa = PBXFileReference; lastKnownFileType = sourcecode.c.objc; path = main.m; sourceTree = "<group>"; };
		0D581F24212FAD1A00DAC666 /* Originator.h */ = {isa = PBXFileReference; lastKnownFileType = sourcecode.c.h; path = Originator.h; sourceTree = "<group>"; };
		0D581F25212FAD1A00DAC666 /* Originator.m */ = {isa = PBXFileReference; lastKnownFileType = sourcecode.c.objc; path = Originator.m; sourceTree = "<group>"; };
		0D581F27212FB23200DAC666 /* CareTaker.h */ = {isa = PBXFileReference; lastKnownFileType = sourcecode.c.h; path = CareTaker.h; sourceTree = "<group>"; };
		0D581F28212FB23200DAC666 /* CareTaker.m */ = {isa = PBXFileReference; lastKnownFileType = sourcecode.c.objc; path = CareTaker.m; sourceTree = "<group>"; };
		0D581F2A212FB5C900DAC666 /* Memento.h */ = {isa = PBXFileReference; lastKnownFileType = sourcecode.c.h; path = Memento.h; sourceTree = "<group>"; };
		0D581F2B212FB5C900DAC666 /* Memento.m */ = {isa = PBXFileReference; lastKnownFileType = sourcecode.c.objc; path = Memento.m; sourceTree = "<group>"; };
/* End PBXFileReference section */

/* Begin PBXFrameworksBuildPhase section */
		0D581F11212FA80000DAC666 /* Frameworks */ = {
			isa = PBXFrameworksBuildPhase;
			buildActionMask = 2147483647;
			files = (
			);
			runOnlyForDeploymentPostprocessing = 0;
		};
/* End PBXFrameworksBuildPhase section */

/* Begin PBXGroup section */
		0D581F0B212FA80000DAC666 = {
			isa = PBXGroup;
			children = (
				0D581F16212FA80000DAC666 /* Memento */,
				0D581F15212FA80000DAC666 /* Products */,
			);
			sourceTree = "<group>";
		};
		0D581F15212FA80000DAC666 /* Products */ = {
			isa = PBXGroup;
			children = (
				0D581F14212FA80000DAC666 /* Memento */,
			);
			name = Products;
			sourceTree = "<group>";
		};
		0D581F16212FA80000DAC666 /* Memento */ = {
			isa = PBXGroup;
			children = (
				0D581F17212FA80000DAC666 /* main.m */,
				0D581F24212FAD1A00DAC666 /* Originator.h */,
				0D581F25212FAD1A00DAC666 /* Originator.m */,
				0D581F2A212FB5C900DAC666 /* Memento.h */,
				0D581F2B212FB5C900DAC666 /* Memento.m */,
				0D581F27212FB23200DAC666 /* CareTaker.h */,
				0D581F28212FB23200DAC666 /* CareTaker.m */,
			);
			path = Memento;
			sourceTree = "<group>";
		};
/* End PBXGroup section */

/* Begin PBXNativeTarget section */
		0D581F13212FA80000DAC666 /* Memento */ = {
			isa = PBXNativeTarget;
			buildConfigurationList = 0D581F1B212FA80000DAC666 /* Build configuration list for PBXNativeTarget "Memento" */;
			buildPhases = (
				0D581F10212FA80000DAC666 /* Sources */,
				0D581F11212FA80000DAC666 /* Frameworks */,
				0D581F12212FA80000DAC666 /* CopyFiles */,
			);
			buildRules = (
			);
			dependencies = (
			);
			name = Memento;
			productName = Memento;
			productReference = 0D581F14212FA80000DAC666 /* Memento */;
			productType = "com.apple.product-type.tool";
		};
/* End PBXNativeTarget section */

/* Begin PBXProject section */
		0D581F0C212FA80000DAC666 /* Project object */ = {
			isa = PBXProject;
			attributes = {
				LastUpgradeCheck = 0920;
				ORGANIZATIONNAME = lncircle;
				TargetAttributes = {
					0D581F13212FA80000DAC666 = {
						CreatedOnToolsVersion = 9.2;
						ProvisioningStyle = Automatic;
					};
				};
			};
			buildConfigurationList = 0D581F0F212FA80000DAC666 /* Build configuration list for PBXProject "Memento" */;
			compatibilityVersion = "Xcode 8.0";
			developmentRegion = en;
			hasScannedForEncodings = 0;
			knownRegions = (
				en,
			);
			mainGroup = 0D581F0B212FA80000DAC666;
			productRefGroup = 0D581F15212FA80000DAC666 /* Products */;
			projectDirPath = "";
			projectRoot = "";
			targets = (
				0D581F13212FA80000DAC666 /* Memento */,
			);
		};
/* End PBXProject section */

/* Begin PBXSourcesBuildPhase section */
		0D581F10212FA80000DAC666 /* Sources */ = {
			isa = PBXSourcesBuildPhase;
			buildActionMask = 2147483647;
			files = (
				0D581F18212FA80000DAC666 /* main.m in Sources */,
				0D581F26212FAD1A00DAC666 /* Originator.m in Sources */,
				0D581F29212FB23200DAC666 /* CareTaker.m in Sources */,
				0D581F2C212FB5C900DAC666 /* Memento.m in Sources */,
			);
			runOnlyForDeploymentPostprocessing = 0;
		};
/* End PBXSourcesBuildPhase section */

/* Begin XCBuildConfiguration section */
		0D581F19212FA80000DAC666 /* Debug */ = {
			isa = XCBuildConfiguration;
			buildSettings = {
				ALWAYS_SEARCH_USER_PATHS = NO;
				CLANG_ANALYZER_NONNULL = YES;
				CLANG_ANALYZER_NUMBER_OBJECT_CONVERSION = YES_AGGRESSIVE;
				CLANG_CXX_LANGUAGE_STANDARD = "gnu++14";
				CLANG_CXX_LIBRARY = "libc++";
				CLANG_ENABLE_MODULES = YES;
				CLANG_ENABLE_OBJC_ARC = YES;
				CLANG_WARN_BLOCK_CAPTURE_AUTORELEASING = YES;
				CLANG_WARN_BOOL_CONVERSION = YES;
				CLANG_WARN_COMMA = YES;
				CLANG_WARN_CONSTANT_CONVERSION = YES;
				CLANG_WARN_DIRECT_OBJC_ISA_USAGE = YES_ERROR;
				CLANG_WARN_DOCUMENTATION_COMMENTS = YES;
				CLANG_WARN_EMPTY_BODY = YES;
				CLANG_WARN_ENUM_CONVERSION = YES;
				CLANG_WARN_INFINITE_RECURSION = YES;
				CLANG_WARN_INT_CONVERSION = YES;
				CLANG_WARN_NON_LITERAL_NULL_CONVERSION = YES;
				CLANG_WARN_OBJC_LITERAL_CONVERSION = YES;
				CLANG_WARN_OBJC_ROOT_CLASS = YES_ERROR;
				CLANG_WARN_RANGE_LOOP_ANALYSIS = YES;
				CLANG_WARN_STRICT_PROTOTYPES = YES;
				CLANG_WARN_SUSPICIOUS_MOVE = YES;
				CLANG_WARN_UNGUARDED_AVAILABILITY = YES_AGGRESSIVE;
				CLANG_WARN_UNREACHABLE_CODE = YES;
				CLANG_WARN__DUPLICATE_METHOD_MATCH = YES;
				CODE_SIGN_IDENTITY = "-";
				COPY_PHASE_STRIP = NO;
				DEBUG_INFORMATION_FORMAT = dwarf;
				ENABLE_STRICT_OBJC_MSGSEND = YES;
				ENABLE_TESTABILITY = YES;
				GCC_C_LANGUAGE_STANDARD = gnu11;
				GCC_DYNAMIC_NO_PIC = NO;
				GCC_NO_COMMON_BLOCKS = YES;
				GCC_OPTIMIZATION_LEVEL = 0;
				GCC_PREPROCESSOR_DEFINITIONS = (
					"DEBUG=1",
					"$(inherited)",
				);
				GCC_WARN_64_TO_32_BIT_CONVERSION = YES;
				GCC_WARN_ABOUT_RETURN_TYPE = YES_ERROR;
				GCC_WARN_UNDECLARED_SELECTOR = YES;
				GCC_WARN_UNINITIALIZED_AUTOS = YES_AGGRESSIVE;
				GCC_WARN_UNUSED_FUNCTION = YES;
				GCC_WARN_UNUSED_VARIABLE = YES;
				MACOSX_DEPLOYMENT_TARGET = 10.12;
				MTL_ENABLE_DEBUG_INFO = YES;
				ONLY_ACTIVE_ARCH = YES;
				SDKROOT = macosx;
			};
			name = Debug;
		};
		0D581F1A212FA80000DAC666 /* Release */ = {
			isa = XCBuildConfiguration;
			buildSettings = {
				ALWAYS_SEARCH_USER_PATHS = NO;
				CLANG_ANALYZER_NONNULL = YES;
				CLANG_ANALYZER_NUMBER_OBJECT_CONVERSION = YES_AGGRESSIVE;
				CLANG_CXX_LANGUAGE_STANDARD = "gnu++14";
				CLANG_CXX_LIBRARY = "libc++";
				CLANG_ENABLE_MODULES = YES;
				CLANG_ENABLE_OBJC_ARC = YES;
				CLANG_WARN_BLOCK_CAPTURE_AUTORELEASING = YES;
				CLANG_WARN_BOOL_CONVERSION = YES;
				CLANG_WARN_COMMA = YES;
				CLANG_WARN_CONSTANT_CONVERSION = YES;
				CLANG_WARN_DIRECT_OBJC_ISA_USAGE = YES_ERROR;
				CLANG_WARN_DOCUMENTATION_COMMENTS = YES;
				CLANG_WARN_EMPTY_BODY = YES;
				CLANG_WARN_ENUM_CONVERSION = YES;
				CLANG_WARN_INFINITE_RECURSION = YES;
				CLANG_WARN_INT_CONVERSION = YES;
				CLANG_WARN_NON_LITERAL_NULL_CONVERSION = YES;
				CLANG_WARN_OBJC_LITERAL_CONVERSION = YES;
				CLANG_WARN_OBJC_ROOT_CLASS = YES_ERROR;
				CLANG_WARN_RANGE_LOOP_ANALYSIS = YES;
				CLANG_WARN_STRICT_PROTOTYPES = YES;
				CLANG_WARN_SUSPICIOUS_MOVE = YES;
				CLANG_WARN_UNGUARDED_AVAILABILITY = YES_AGGRESSIVE;
				CLANG_WARN_UNREACHABLE_CODE = YES;
				CLANG_WARN__DUPLICATE_METHOD_MATCH = YES;
				CODE_SIGN_IDENTITY = "-";
				COPY_PHASE_STRIP = NO;
				DEBUG_INFORMATION_FORMAT = "dwarf-with-dsym";
				ENABLE_NS_ASSERTIONS = NO;
				ENABLE_STRICT_OBJC_MSGSEND = YES;
				GCC_C_LANGUAGE_STANDARD = gnu11;
				GCC_NO_COMMON_BLOCKS = YES;
				GCC_WARN_64_TO_32_BIT_CONVERSION = YES;
				GCC_WARN_ABOUT_RETURN_TYPE = YES_ERROR;
				GCC_WARN_UNDECLARED_SELECTOR = YES;
				GCC_WARN_UNINITIALIZED_AUTOS = YES_AGGRESSIVE;
				GCC_WARN_UNUSED_FUNCTION = YES;
				GCC_WARN_UNUSED_VARIABLE = YES;
				MACOSX_DEPLOYMENT_TARGET = 10.12;
				MTL_ENABLE_DEBUG_INFO = NO;
				SDKROOT = macosx;
			};
			name = Release;
		};
		0D581F1C212FA80000DAC666 /* Debug */ = {
			isa = XCBuildConfiguration;
			buildSettings = {
				CODE_SIGN_STYLE = Automatic;
				PRODUCT_NAME = "$(TARGET_NAME)";
			};
			name = Debug;
		};
		0D581F1D212FA80000DAC666 /* Release */ = {
			isa = XCBuildConfiguration;
			buildSettings = {
				CODE_SIGN_STYLE = Automatic;
				PRODUCT_NAME = "$(TARGET_NAME)";
			};
			name = Release;
		};
/* End XCBuildConfiguration section */

/* Begin XCConfigurationList section */
		0D581F0F212FA80000DAC666 /* Build configuration list for PBXProject "Memento" */ = {
			isa = XCConfigurationList;
			buildConfigurations = (
				0D581F19212FA80000DAC666 /* Debug */,
				0D581F1A212FA80000DAC666 /* Release */,
			);
			defaultConfigurationIsVisible = 0;
			defaultConfigurationName = Release;
		};
		0D581F1B212FA80000DAC666 /* Build configuration list for PBXNativeTarget "Memento" */ = {
			isa = XCConfigurationList;
			buildConfigurations = (
				0D581F1C212FA80000DAC666 /* Debug */,
				0D581F1D212FA80000DAC666 /* Release */,
			);
			defaultConfigurationIsVisible = 0;
			defaultConfigurationName = Release;
		};
/* End XCConfigurationList section */
	};
	rootObject = 0D581F0C212FA80000DAC666 /* Project object */;
}
