// !$*UTF8*$!
{
	archiveVersion = 1;
	classes = {
	};
	objectVersion = 48;
	objects = {

/* Begin PBXBuildFile section */
		0D1DCFDA212CFE9700ED1E2A /* main.m in Sources */ = {isa = PBXBuildFile; fileRef = 0D1DCFD9212CFE9700ED1E2A /* main.m */; };
		0D1DCFE2212CFFC300ED1E2A /* Expression.m in Sources */ = {isa = PBXBuildFile; fileRef = 0D1DCFE1212CFFC300ED1E2A /* Expression.m */; };
		0D1DCFE5212D054200ED1E2A /* TerminalExpression.m in Sources */ = {isa = PBXBuildFile; fileRef = 0D1DCFE4212D054200ED1E2A /* TerminalExpression.m */; };
		0D1DCFE8212D057000ED1E2A /* NoterminalExpression.m in Sources */ = {isa = PBXBuildFile; fileRef = 0D1DCFE7212D057000ED1E2A /* NoterminalExpression.m */; };
/* End PBXBuildFile section */

/* Begin PBXCopyFilesBuildPhase section */
		0D1DCFD4212CFE9700ED1E2A /* CopyFiles */ = {
			isa = PBXCopyFilesBuildPhase;
			buildActionMask = 2147483647;
			dstPath = /usr/share/man/man1/;
			dstSubfolderSpec = 0;
			files = (
			);
			runOnlyForDeploymentPostprocessing = 1;
		};
/* End PBXCopyFilesBuildPhase section */

/* Begin PBXFileReference section */
		0D1DCFD6212CFE9700ED1E2A /* Interpreter */ = {isa = PBXFileReference; explicitFileType = "compiled.mach-o.executable"; includeInIndex = 0; path = Interpreter; sourceTree = BUILT_PRODUCTS_DIR; };
		0D1DCFD9212CFE9700ED1E2A /* main.m */ = {isa = PBXFileReference; lastKnownFileType = sourcecode.c.objc; path = main.m; sourceTree = "<group>"; };
		0D1DCFE0212CFFC300ED1E2A /* Expression.h */ = {isa = PBXFileReference; lastKnownFileType = sourcecode.c.h; path = Expression.h; sourceTree = "<group>"; };
		0D1DCFE1212CFFC300ED1E2A /* Expression.m */ = {isa = PBXFileReference; lastKnownFileType = sourcecode.c.objc; path = Expression.m; sourceTree = "<group>"; };
		0D1DCFE3212D054200ED1E2A /* TerminalExpression.h */ = {isa = PBXFileReference; lastKnownFileType = sourcecode.c.h; path = TerminalExpression.h; sourceTree = "<group>"; };
		0D1DCFE4212D054200ED1E2A /* TerminalExpression.m */ = {isa = PBXFileReference; lastKnownFileType = sourcecode.c.objc; path = TerminalExpression.m; sourceTree = "<group>"; };
		0D1DCFE6212D057000ED1E2A /* NoterminalExpression.h */ = {isa = PBXFileReference; lastKnownFileType = sourcecode.c.h; path = NoterminalExpression.h; sourceTree = "<group>"; };
		0D1DCFE7212D057000ED1E2A /* NoterminalExpression.m */ = {isa = PBXFileReference; lastKnownFileType = sourcecode.c.objc; path = NoterminalExpression.m; sourceTree = "<group>"; };
/* End PBXFileReference section */

/* Begin PBXFrameworksBuildPhase section */
		0D1DCFD3212CFE9700ED1E2A /* Frameworks */ = {
			isa = PBXFrameworksBuildPhase;
			buildActionMask = 2147483647;
			files = (
			);
			runOnlyForDeploymentPostprocessing = 0;
		};
/* End PBXFrameworksBuildPhase section */

/* Begin PBXGroup section */
		0D1DCFCD212CFE9700ED1E2A = {
			isa = PBXGroup;
			children = (
				0D1DCFD8212CFE9700ED1E2A /* Interpreter */,
				0D1DCFD7212CFE9700ED1E2A /* Products */,
			);
			sourceTree = "<group>";
		};
		0D1DCFD7212CFE9700ED1E2A /* Products */ = {
			isa = PBXGroup;
			children = (
				0D1DCFD6212CFE9700ED1E2A /* Interpreter */,
			);
			name = Products;
			sourceTree = "<group>";
		};
		0D1DCFD8212CFE9700ED1E2A /* Interpreter */ = {
			isa = PBXGroup;
			children = (
				0D1DCFD9212CFE9700ED1E2A /* main.m */,
				0D1DCFE0212CFFC300ED1E2A /* Expression.h */,
				0D1DCFE1212CFFC300ED1E2A /* Expression.m */,
				0D1DCFE3212D054200ED1E2A /* TerminalExpression.h */,
				0D1DCFE4212D054200ED1E2A /* TerminalExpression.m */,
				0D1DCFE6212D057000ED1E2A /* NoterminalExpression.h */,
				0D1DCFE7212D057000ED1E2A /* NoterminalExpression.m */,
			);
			path = Interpreter;
			sourceTree = "<group>";
		};
/* End PBXGroup section */

/* Begin PBXNativeTarget section */
		0D1DCFD5212CFE9700ED1E2A /* Interpreter */ = {
			isa = PBXNativeTarget;
			buildConfigurationList = 0D1DCFDD212CFE9700ED1E2A /* Build configuration list for PBXNativeTarget "Interpreter" */;
			buildPhases = (
				0D1DCFD2212CFE9700ED1E2A /* Sources */,
				0D1DCFD3212CFE9700ED1E2A /* Frameworks */,
				0D1DCFD4212CFE9700ED1E2A /* CopyFiles */,
			);
			buildRules = (
			);
			dependencies = (
			);
			name = Interpreter;
			productName = Interpreter;
			productReference = 0D1DCFD6212CFE9700ED1E2A /* Interpreter */;
			productType = "com.apple.product-type.tool";
		};
/* End PBXNativeTarget section */

/* Begin PBXProject section */
		0D1DCFCE212CFE9700ED1E2A /* Project object */ = {
			isa = PBXProject;
			attributes = {
				LastUpgradeCheck = 0920;
				ORGANIZATIONNAME = lncircle;
				TargetAttributes = {
					0D1DCFD5212CFE9700ED1E2A = {
						CreatedOnToolsVersion = 9.2;
						ProvisioningStyle = Automatic;
					};
				};
			};
			buildConfigurationList = 0D1DCFD1212CFE9700ED1E2A /* Build configuration list for PBXProject "Interpreter" */;
			compatibilityVersion = "Xcode 8.0";
			developmentRegion = en;
			hasScannedForEncodings = 0;
			knownRegions = (
				en,
			);
			mainGroup = 0D1DCFCD212CFE9700ED1E2A;
			productRefGroup = 0D1DCFD7212CFE9700ED1E2A /* Products */;
			projectDirPath = "";
			projectRoot = "";
			targets = (
				0D1DCFD5212CFE9700ED1E2A /* Interpreter */,
			);
		};
/* End PBXProject section */

/* Begin PBXSourcesBuildPhase section */
		0D1DCFD2212CFE9700ED1E2A /* Sources */ = {
			isa = PBXSourcesBuildPhase;
			buildActionMask = 2147483647;
			files = (
				0D1DCFDA212CFE9700ED1E2A /* main.m in Sources */,
				0D1DCFE5212D054200ED1E2A /* TerminalExpression.m in Sources */,
				0D1DCFE8212D057000ED1E2A /* NoterminalExpression.m in Sources */,
				0D1DCFE2212CFFC300ED1E2A /* Expression.m in Sources */,
			);
			runOnlyForDeploymentPostprocessing = 0;
		};
/* End PBXSourcesBuildPhase section */

/* Begin XCBuildConfiguration section */
		0D1DCFDB212CFE9700ED1E2A /* Debug */ = {
			isa = XCBuildConfiguration;
			buildSettings = {
				ALWAYS_SEARCH_USER_PATHS = NO;
				CLANG_ANALYZER_NONNULL = YES;
				CLANG_ANALYZER_NUMBER_OBJECT_CONVERSION = YES_AGGRESSIVE;
				CLANG_CXX_LANGUAGE_STANDARD = "gnu++14";
				CLANG_CXX_LIBRARY = "libc++";
				CLANG_ENABLE_MODULES = YES;
				CLANG_ENABLE_OBJC_ARC = YES;
				CLANG_WARN_BLOCK_CAPTURE_AUTORELEASING = YES;
				CLANG_WARN_BOOL_CONVERSION = YES;
				CLANG_WARN_COMMA = YES;
				CLANG_WARN_CONSTANT_CONVERSION = YES;
				CLANG_WARN_DIRECT_OBJC_ISA_USAGE = YES_ERROR;
				CLANG_WARN_DOCUMENTATION_COMMENTS = YES;
				CLANG_WARN_EMPTY_BODY = YES;
				CLANG_WARN_ENUM_CONVERSION = YES;
				CLANG_WARN_INFINITE_RECURSION = YES;
				CLANG_WARN_INT_CONVERSION = YES;
				CLANG_WARN_NON_LITERAL_NULL_CONVERSION = YES;
				CLANG_WARN_OBJC_LITERAL_CONVERSION = YES;
				CLANG_WARN_OBJC_ROOT_CLASS = YES_ERROR;
				CLANG_WARN_RANGE_LOOP_ANALYSIS = YES;
				CLANG_WARN_STRICT_PROTOTYPES = YES;
				CLANG_WARN_SUSPICIOUS_MOVE = YES;
				CLANG_WARN_UNGUARDED_AVAILABILITY = YES_AGGRESSIVE;
				CLANG_WARN_UNREACHABLE_CODE = YES;
				CLANG_WARN__DUPLICATE_METHOD_MATCH = YES;
				CODE_SIGN_IDENTITY = "-";
				COPY_PHASE_STRIP = NO;
				DEBUG_INFORMATION_FORMAT = dwarf;
				ENABLE_STRICT_OBJC_MSGSEND = YES;
				ENABLE_TESTABILITY = YES;
				GCC_C_LANGUAGE_STANDARD = gnu11;
				GCC_DYNAMIC_NO_PIC = NO;
				GCC_NO_COMMON_BLOCKS = YES;
				GCC_OPTIMIZATION_LEVEL = 0;
				GCC_PREPROCESSOR_DEFINITIONS = (
					"DEBUG=1",
					"$(inherited)",
				);
				GCC_WARN_64_TO_32_BIT_CONVERSION = YES;
				GCC_WARN_ABOUT_RETURN_TYPE = YES_ERROR;
				GCC_WARN_UNDECLARED_SELECTOR = YES;
				GCC_WARN_UNINITIALIZED_AUTOS = YES_AGGRESSIVE;
				GCC_WARN_UNUSED_FUNCTION = YES;
				GCC_WARN_UNUSED_VARIABLE = YES;
				MACOSX_DEPLOYMENT_TARGET = 10.12;
				MTL_ENABLE_DEBUG_INFO = YES;
				ONLY_ACTIVE_ARCH = YES;
				SDKROOT = macosx;
			};
			name = Debug;
		};
		0D1DCFDC212CFE9700ED1E2A /* Release */ = {
			isa = XCBuildConfiguration;
			buildSettings = {
				ALWAYS_SEARCH_USER_PATHS = NO;
				CLANG_ANALYZER_NONNULL = YES;
				CLANG_ANALYZER_NUMBER_OBJECT_CONVERSION = YES_AGGRESSIVE;
				CLANG_CXX_LANGUAGE_STANDARD = "gnu++14";
				CLANG_CXX_LIBRARY = "libc++";
				CLANG_ENABLE_MODULES = YES;
				CLANG_ENABLE_OBJC_ARC = YES;
				CLANG_WARN_BLOCK_CAPTURE_AUTORELEASING = YES;
				CLANG_WARN_BOOL_CONVERSION = YES;
				CLANG_WARN_COMMA = YES;
				CLANG_WARN_CONSTANT_CONVERSION = YES;
				CLANG_WARN_DIRECT_OBJC_ISA_USAGE = YES_ERROR;
				CLANG_WARN_DOCUMENTATION_COMMENTS = YES;
				CLANG_WARN_EMPTY_BODY = YES;
				CLANG_WARN_ENUM_CONVERSION = YES;
				CLANG_WARN_INFINITE_RECURSION = YES;
				CLANG_WARN_INT_CONVERSION = YES;
				CLANG_WARN_NON_LITERAL_NULL_CONVERSION = YES;
				CLANG_WARN_OBJC_LITERAL_CONVERSION = YES;
				CLANG_WARN_OBJC_ROOT_CLASS = YES_ERROR;
				CLANG_WARN_RANGE_LOOP_ANALYSIS = YES;
				CLANG_WARN_STRICT_PROTOTYPES = YES;
				CLANG_WARN_SUSPICIOUS_MOVE = YES;
				CLANG_WARN_UNGUARDED_AVAILABILITY = YES_AGGRESSIVE;
				CLANG_WARN_UNREACHABLE_CODE = YES;
				CLANG_WARN__DUPLICATE_METHOD_MATCH = YES;
				CODE_SIGN_IDENTITY = "-";
				COPY_PHASE_STRIP = NO;
				DEBUG_INFORMATION_FORMAT = "dwarf-with-dsym";
				ENABLE_NS_ASSERTIONS = NO;
				ENABLE_STRICT_OBJC_MSGSEND = YES;
				GCC_C_LANGUAGE_STANDARD = gnu11;
				GCC_NO_COMMON_BLOCKS = YES;
				GCC_WARN_64_TO_32_BIT_CONVERSION = YES;
				GCC_WARN_ABOUT_RETURN_TYPE = YES_ERROR;
				GCC_WARN_UNDECLARED_SELECTOR = YES;
				GCC_WARN_UNINITIALIZED_AUTOS = YES_AGGRESSIVE;
				GCC_WARN_UNUSED_FUNCTION = YES;
				GCC_WARN_UNUSED_VARIABLE = YES;
				MACOSX_DEPLOYMENT_TARGET = 10.12;
				MTL_ENABLE_DEBUG_INFO = NO;
				SDKROOT = macosx;
			};
			name = Release;
		};
		0D1DCFDE212CFE9700ED1E2A /* Debug */ = {
			isa = XCBuildConfiguration;
			buildSettings = {
				CODE_SIGN_STYLE = Automatic;
				PRODUCT_NAME = "$(TARGET_NAME)";
			};
			name = Debug;
		};
		0D1DCFDF212CFE9700ED1E2A /* Release */ = {
			isa = XCBuildConfiguration;
			buildSettings = {
				CODE_SIGN_STYLE = Automatic;
				PRODUCT_NAME = "$(TARGET_NAME)";
			};
			name = Release;
		};
/* End XCBuildConfiguration section */

/* Begin XCConfigurationList section */
		0D1DCFD1212CFE9700ED1E2A /* Build configuration list for PBXProject "Interpreter" */ = {
			isa = XCConfigurationList;
			buildConfigurations = (
				0D1DCFDB212CFE9700ED1E2A /* Debug */,
				0D1DCFDC212CFE9700ED1E2A /* Release */,
			);
			defaultConfigurationIsVisible = 0;
			defaultConfigurationName = Release;
		};
		0D1DCFDD212CFE9700ED1E2A /* Build configuration list for PBXNativeTarget "Interpreter" */ = {
			isa = XCConfigurationList;
			buildConfigurations = (
				0D1DCFDE212CFE9700ED1E2A /* Debug */,
				0D1DCFDF212CFE9700ED1E2A /* Release */,
			);
			defaultConfigurationIsVisible = 0;
			defaultConfigurationName = Release;
		};
/* End XCConfigurationList section */
	};
	rootObject = 0D1DCFCE212CFE9700ED1E2A /* Project object */;
}
