// !$*UTF8*$!
{
	archiveVersion = 1;
	classes = {
	};
	objectVersion = 48;
	objects = {

/* Begin PBXBuildFile section */
		0D74AA1620785D3100D4ECFC /* main.m in Sources */ = {isa = PBXBuildFile; fileRef = 0D74AA1520785D3100D4ECFC /* main.m */; };
		0D74AA1E20785E0C00D4ECFC /* HKGoods.m in Sources */ = {isa = PBXBuildFile; fileRef = 0D74AA1D20785E0C00D4ECFC /* HKGoods.m */; };
		0D74AA2120785F2100D4ECFC /* Adapter_Class.m in Sources */ = {isa = PBXBuildFile; fileRef = 0D74AA2020785F2100D4ECFC /* Adapter_Class.m */; };
		0D74AA29207862DE00D4ECFC /* Adapter_Object.m in Sources */ = {isa = PBXBuildFile; fileRef = 0D74AA28207862DE00D4ECFC /* Adapter_Object.m */; };
/* End PBXBuildFile section */

/* Begin PBXCopyFilesBuildPhase section */
		0D74AA1020785D3100D4ECFC /* CopyFiles */ = {
			isa = PBXCopyFilesBuildPhase;
			buildActionMask = 2147483647;
			dstPath = /usr/share/man/man1/;
			dstSubfolderSpec = 0;
			files = (
			);
			runOnlyForDeploymentPostprocessing = 1;
		};
/* End PBXCopyFilesBuildPhase section */

/* Begin PBXFileReference section */
		0D74AA1220785D3100D4ECFC /* Adapter */ = {isa = PBXFileReference; explicitFileType = "compiled.mach-o.executable"; includeInIndex = 0; path = Adapter; sourceTree = BUILT_PRODUCTS_DIR; };
		0D74AA1520785D3100D4ECFC /* main.m */ = {isa = PBXFileReference; lastKnownFileType = sourcecode.c.objc; path = main.m; sourceTree = "<group>"; };
		0D74AA1C20785E0C00D4ECFC /* HKGoods.h */ = {isa = PBXFileReference; lastKnownFileType = sourcecode.c.h; path = HKGoods.h; sourceTree = "<group>"; };
		0D74AA1D20785E0C00D4ECFC /* HKGoods.m */ = {isa = PBXFileReference; lastKnownFileType = sourcecode.c.objc; path = HKGoods.m; sourceTree = "<group>"; };
		0D74AA1F20785F2100D4ECFC /* Adapter_Class.h */ = {isa = PBXFileReference; lastKnownFileType = sourcecode.c.h; path = Adapter_Class.h; sourceTree = "<group>"; };
		0D74AA2020785F2100D4ECFC /* Adapter_Class.m */ = {isa = PBXFileReference; lastKnownFileType = sourcecode.c.objc; path = Adapter_Class.m; sourceTree = "<group>"; };
		0D74AA262078604A00D4ECFC /* TargetCustomer.h */ = {isa = PBXFileReference; lastKnownFileType = sourcecode.c.h; path = TargetCustomer.h; sourceTree = "<group>"; };
		0D74AA27207862DE00D4ECFC /* Adapter_Object.h */ = {isa = PBXFileReference; lastKnownFileType = sourcecode.c.h; path = Adapter_Object.h; sourceTree = "<group>"; };
		0D74AA28207862DE00D4ECFC /* Adapter_Object.m */ = {isa = PBXFileReference; lastKnownFileType = sourcecode.c.objc; path = Adapter_Object.m; sourceTree = "<group>"; };
/* End PBXFileReference section */

/* Begin PBXFrameworksBuildPhase section */
		0D74AA0F20785D3100D4ECFC /* Frameworks */ = {
			isa = PBXFrameworksBuildPhase;
			buildActionMask = 2147483647;
			files = (
			);
			runOnlyForDeploymentPostprocessing = 0;
		};
/* End PBXFrameworksBuildPhase section */

/* Begin PBXGroup section */
		0D74AA0920785D3100D4ECFC = {
			isa = PBXGroup;
			children = (
				0D74AA1420785D3100D4ECFC /* Adapter */,
				0D74AA1320785D3100D4ECFC /* Products */,
			);
			sourceTree = "<group>";
		};
		0D74AA1320785D3100D4ECFC /* Products */ = {
			isa = PBXGroup;
			children = (
				0D74AA1220785D3100D4ECFC /* Adapter */,
			);
			name = Products;
			sourceTree = "<group>";
		};
		0D74AA1420785D3100D4ECFC /* Adapter */ = {
			isa = PBXGroup;
			children = (
				0D74AA1520785D3100D4ECFC /* main.m */,
				0D74AA262078604A00D4ECFC /* TargetCustomer.h */,
				0D74AA1F20785F2100D4ECFC /* Adapter_Class.h */,
				0D74AA2020785F2100D4ECFC /* Adapter_Class.m */,
				0D74AA1C20785E0C00D4ECFC /* HKGoods.h */,
				0D74AA1D20785E0C00D4ECFC /* HKGoods.m */,
				0D74AA27207862DE00D4ECFC /* Adapter_Object.h */,
				0D74AA28207862DE00D4ECFC /* Adapter_Object.m */,
			);
			path = Adapter;
			sourceTree = "<group>";
		};
/* End PBXGroup section */

/* Begin PBXNativeTarget section */
		0D74AA1120785D3100D4ECFC /* Adapter */ = {
			isa = PBXNativeTarget;
			buildConfigurationList = 0D74AA1920785D3100D4ECFC /* Build configuration list for PBXNativeTarget "Adapter" */;
			buildPhases = (
				0D74AA0E20785D3100D4ECFC /* Sources */,
				0D74AA0F20785D3100D4ECFC /* Frameworks */,
				0D74AA1020785D3100D4ECFC /* CopyFiles */,
			);
			buildRules = (
			);
			dependencies = (
			);
			name = Adapter;
			productName = Adapter;
			productReference = 0D74AA1220785D3100D4ECFC /* Adapter */;
			productType = "com.apple.product-type.tool";
		};
/* End PBXNativeTarget section */

/* Begin PBXProject section */
		0D74AA0A20785D3100D4ECFC /* Project object */ = {
			isa = PBXProject;
			attributes = {
				LastUpgradeCheck = 0920;
				ORGANIZATIONNAME = FY;
				TargetAttributes = {
					0D74AA1120785D3100D4ECFC = {
						CreatedOnToolsVersion = 9.2;
						ProvisioningStyle = Automatic;
					};
				};
			};
			buildConfigurationList = 0D74AA0D20785D3100D4ECFC /* Build configuration list for PBXProject "Adapter" */;
			compatibilityVersion = "Xcode 8.0";
			developmentRegion = en;
			hasScannedForEncodings = 0;
			knownRegions = (
				en,
			);
			mainGroup = 0D74AA0920785D3100D4ECFC;
			productRefGroup = 0D74AA1320785D3100D4ECFC /* Products */;
			projectDirPath = "";
			projectRoot = "";
			targets = (
				0D74AA1120785D3100D4ECFC /* Adapter */,
			);
		};
/* End PBXProject section */

/* Begin PBXSourcesBuildPhase section */
		0D74AA0E20785D3100D4ECFC /* Sources */ = {
			isa = PBXSourcesBuildPhase;
			buildActionMask = 2147483647;
			files = (
				0D74AA1620785D3100D4ECFC /* main.m in Sources */,
				0D74AA1E20785E0C00D4ECFC /* HKGoods.m in Sources */,
				0D74AA29207862DE00D4ECFC /* Adapter_Object.m in Sources */,
				0D74AA2120785F2100D4ECFC /* Adapter_Class.m in Sources */,
			);
			runOnlyForDeploymentPostprocessing = 0;
		};
/* End PBXSourcesBuildPhase section */

/* Begin XCBuildConfiguration section */
		0D74AA1720785D3100D4ECFC /* Debug */ = {
			isa = XCBuildConfiguration;
			buildSettings = {
				ALWAYS_SEARCH_USER_PATHS = NO;
				CLANG_ANALYZER_NONNULL = YES;
				CLANG_ANALYZER_NUMBER_OBJECT_CONVERSION = YES_AGGRESSIVE;
				CLANG_CXX_LANGUAGE_STANDARD = "gnu++14";
				CLANG_CXX_LIBRARY = "libc++";
				CLANG_ENABLE_MODULES = YES;
				CLANG_ENABLE_OBJC_ARC = YES;
				CLANG_WARN_BLOCK_CAPTURE_AUTORELEASING = YES;
				CLANG_WARN_BOOL_CONVERSION = YES;
				CLANG_WARN_COMMA = YES;
				CLANG_WARN_CONSTANT_CONVERSION = YES;
				CLANG_WARN_DIRECT_OBJC_ISA_USAGE = YES_ERROR;
				CLANG_WARN_DOCUMENTATION_COMMENTS = YES;
				CLANG_WARN_EMPTY_BODY = YES;
				CLANG_WARN_ENUM_CONVERSION = YES;
				CLANG_WARN_INFINITE_RECURSION = YES;
				CLANG_WARN_INT_CONVERSION = YES;
				CLANG_WARN_NON_LITERAL_NULL_CONVERSION = YES;
				CLANG_WARN_OBJC_LITERAL_CONVERSION = YES;
				CLANG_WARN_OBJC_ROOT_CLASS = YES_ERROR;
				CLANG_WARN_RANGE_LOOP_ANALYSIS = YES;
				CLANG_WARN_STRICT_PROTOTYPES = YES;
				CLANG_WARN_SUSPICIOUS_MOVE = YES;
				CLANG_WARN_UNGUARDED_AVAILABILITY = YES_AGGRESSIVE;
				CLANG_WARN_UNREACHABLE_CODE = YES;
				CLANG_WARN__DUPLICATE_METHOD_MATCH = YES;
				CODE_SIGN_IDENTITY = "-";
				COPY_PHASE_STRIP = NO;
				DEBUG_INFORMATION_FORMAT = dwarf;
				ENABLE_STRICT_OBJC_MSGSEND = YES;
				ENABLE_TESTABILITY = YES;
				GCC_C_LANGUAGE_STANDARD = gnu11;
				GCC_DYNAMIC_NO_PIC = NO;
				GCC_NO_COMMON_BLOCKS = YES;
				GCC_OPTIMIZATION_LEVEL = 0;
				GCC_PREPROCESSOR_DEFINITIONS = (
					"DEBUG=1",
					"$(inherited)",
				);
				GCC_WARN_64_TO_32_BIT_CONVERSION = YES;
				GCC_WARN_ABOUT_RETURN_TYPE = YES_ERROR;
				GCC_WARN_UNDECLARED_SELECTOR = YES;
				GCC_WARN_UNINITIALIZED_AUTOS = YES_AGGRESSIVE;
				GCC_WARN_UNUSED_FUNCTION = YES;
				GCC_WARN_UNUSED_VARIABLE = YES;
				MACOSX_DEPLOYMENT_TARGET = 10.12;
				MTL_ENABLE_DEBUG_INFO = YES;
				ONLY_ACTIVE_ARCH = YES;
				SDKROOT = macosx;
			};
			name = Debug;
		};
		0D74AA1820785D3100D4ECFC /* Release */ = {
			isa = XCBuildConfiguration;
			buildSettings = {
				ALWAYS_SEARCH_USER_PATHS = NO;
				CLANG_ANALYZER_NONNULL = YES;
				CLANG_ANALYZER_NUMBER_OBJECT_CONVERSION = YES_AGGRESSIVE;
				CLANG_CXX_LANGUAGE_STANDARD = "gnu++14";
				CLANG_CXX_LIBRARY = "libc++";
				CLANG_ENABLE_MODULES = YES;
				CLANG_ENABLE_OBJC_ARC = YES;
				CLANG_WARN_BLOCK_CAPTURE_AUTORELEASING = YES;
				CLANG_WARN_BOOL_CONVERSION = YES;
				CLANG_WARN_COMMA = YES;
				CLANG_WARN_CONSTANT_CONVERSION = YES;
				CLANG_WARN_DIRECT_OBJC_ISA_USAGE = YES_ERROR;
				CLANG_WARN_DOCUMENTATION_COMMENTS = YES;
				CLANG_WARN_EMPTY_BODY = YES;
				CLANG_WARN_ENUM_CONVERSION = YES;
				CLANG_WARN_INFINITE_RECURSION = YES;
				CLANG_WARN_INT_CONVERSION = YES;
				CLANG_WARN_NON_LITERAL_NULL_CONVERSION = YES;
				CLANG_WARN_OBJC_LITERAL_CONVERSION = YES;
				CLANG_WARN_OBJC_ROOT_CLASS = YES_ERROR;
				CLANG_WARN_RANGE_LOOP_ANALYSIS = YES;
				CLANG_WARN_STRICT_PROTOTYPES = YES;
				CLANG_WARN_SUSPICIOUS_MOVE = YES;
				CLANG_WARN_UNGUARDED_AVAILABILITY = YES_AGGRESSIVE;
				CLANG_WARN_UNREACHABLE_CODE = YES;
				CLANG_WARN__DUPLICATE_METHOD_MATCH = YES;
				CODE_SIGN_IDENTITY = "-";
				COPY_PHASE_STRIP = NO;
				DEBUG_INFORMATION_FORMAT = "dwarf-with-dsym";
				ENABLE_NS_ASSERTIONS = NO;
				ENABLE_STRICT_OBJC_MSGSEND = YES;
				GCC_C_LANGUAGE_STANDARD = gnu11;
				GCC_NO_COMMON_BLOCKS = YES;
				GCC_WARN_64_TO_32_BIT_CONVERSION = YES;
				GCC_WARN_ABOUT_RETURN_TYPE = YES_ERROR;
				GCC_WARN_UNDECLARED_SELECTOR = YES;
				GCC_WARN_UNINITIALIZED_AUTOS = YES_AGGRESSIVE;
				GCC_WARN_UNUSED_FUNCTION = YES;
				GCC_WARN_UNUSED_VARIABLE = YES;
				MACOSX_DEPLOYMENT_TARGET = 10.12;
				MTL_ENABLE_DEBUG_INFO = NO;
				SDKROOT = macosx;
			};
			name = Release;
		};
		0D74AA1A20785D3100D4ECFC /* Debug */ = {
			isa = XCBuildConfiguration;
			buildSettings = {
				CODE_SIGN_STYLE = Automatic;
				PRODUCT_NAME = "$(TARGET_NAME)";
			};
			name = Debug;
		};
		0D74AA1B20785D3100D4ECFC /* Release */ = {
			isa = XCBuildConfiguration;
			buildSettings = {
				CODE_SIGN_STYLE = Automatic;
				PRODUCT_NAME = "$(TARGET_NAME)";
			};
			name = Release;
		};
/* End XCBuildConfiguration section */

/* Begin XCConfigurationList section */
		0D74AA0D20785D3100D4ECFC /* Build configuration list for PBXProject "Adapter" */ = {
			isa = XCConfigurationList;
			buildConfigurations = (
				0D74AA1720785D3100D4ECFC /* Debug */,
				0D74AA1820785D3100D4ECFC /* Release */,
			);
			defaultConfigurationIsVisible = 0;
			defaultConfigurationName = Release;
		};
		0D74AA1920785D3100D4ECFC /* Build configuration list for PBXNativeTarget "Adapter" */ = {
			isa = XCConfigurationList;
			buildConfigurations = (
				0D74AA1A20785D3100D4ECFC /* Debug */,
				0D74AA1B20785D3100D4ECFC /* Release */,
			);
			defaultConfigurationIsVisible = 0;
			defaultConfigurationName = Release;
		};
/* End XCConfigurationList section */
	};
	rootObject = 0D74AA0A20785D3100D4ECFC /* Project object */;
}
