// !$*UTF8*$!
{
	archiveVersion = 1;
	classes = {
	};
	objectVersion = 48;
	objects = {

/* Begin PBXBuildFile section */
		0D508C8C2077040F00D3B12C /* main.m in Sources */ = {isa = PBXBuildFile; fileRef = 0D508C8B2077040F00D3B12C /* main.m */; };
		0D508C972077048600D3B12C /* Computer.m in Sources */ = {isa = PBXBuildFile; fileRef = 0D508C962077048600D3B12C /* Computer.m */; };
		0D508C9D20770C7F00D3B12C /* Director.m in Sources */ = {isa = PBXBuildFile; fileRef = 0D508C9C20770C7F00D3B12C /* Director.m */; };
		0D508CAA2077132B00D3B12C /* MacComputerBuilder.m in Sources */ = {isa = PBXBuildFile; fileRef = 0D508CA92077132B00D3B12C /* MacComputerBuilder.m */; };
		0D508CAD2077139700D3B12C /* ComputerBuilder.m in Sources */ = {isa = PBXBuildFile; fileRef = 0D508CAC2077139700D3B12C /* ComputerBuilder.m */; };
/* End PBXBuildFile section */

/* Begin PBXCopyFilesBuildPhase section */
		0D508C862077040F00D3B12C /* CopyFiles */ = {
			isa = PBXCopyFilesBuildPhase;
			buildActionMask = 2147483647;
			dstPath = /usr/share/man/man1/;
			dstSubfolderSpec = 0;
			files = (
			);
			runOnlyForDeploymentPostprocessing = 1;
		};
/* End PBXCopyFilesBuildPhase section */

/* Begin PBXFileReference section */
		0D508C882077040F00D3B12C /* Builder */ = {isa = PBXFileReference; explicitFileType = "compiled.mach-o.executable"; includeInIndex = 0; path = Builder; sourceTree = BUILT_PRODUCTS_DIR; };
		0D508C8B2077040F00D3B12C /* main.m */ = {isa = PBXFileReference; lastKnownFileType = sourcecode.c.objc; path = main.m; sourceTree = "<group>"; };
		0D508C952077048600D3B12C /* Computer.h */ = {isa = PBXFileReference; lastKnownFileType = sourcecode.c.h; path = Computer.h; sourceTree = "<group>"; };
		0D508C962077048600D3B12C /* Computer.m */ = {isa = PBXFileReference; lastKnownFileType = sourcecode.c.objc; path = Computer.m; sourceTree = "<group>"; };
		0D508C9B20770C7F00D3B12C /* Director.h */ = {isa = PBXFileReference; lastKnownFileType = sourcecode.c.h; path = Director.h; sourceTree = "<group>"; };
		0D508C9C20770C7F00D3B12C /* Director.m */ = {isa = PBXFileReference; lastKnownFileType = sourcecode.c.objc; path = Director.m; sourceTree = "<group>"; };
		0D508CA82077132B00D3B12C /* MacComputerBuilder.h */ = {isa = PBXFileReference; lastKnownFileType = sourcecode.c.h; path = MacComputerBuilder.h; sourceTree = "<group>"; };
		0D508CA92077132B00D3B12C /* MacComputerBuilder.m */ = {isa = PBXFileReference; lastKnownFileType = sourcecode.c.objc; path = MacComputerBuilder.m; sourceTree = "<group>"; };
		0D508CAB2077139700D3B12C /* ComputerBuilder.h */ = {isa = PBXFileReference; lastKnownFileType = sourcecode.c.h; path = ComputerBuilder.h; sourceTree = "<group>"; };
		0D508CAC2077139700D3B12C /* ComputerBuilder.m */ = {isa = PBXFileReference; lastKnownFileType = sourcecode.c.objc; path = ComputerBuilder.m; sourceTree = "<group>"; };
/* End PBXFileReference section */

/* Begin PBXFrameworksBuildPhase section */
		0D508C852077040F00D3B12C /* Frameworks */ = {
			isa = PBXFrameworksBuildPhase;
			buildActionMask = 2147483647;
			files = (
			);
			runOnlyForDeploymentPostprocessing = 0;
		};
/* End PBXFrameworksBuildPhase section */

/* Begin PBXGroup section */
		0D508C7F2077040F00D3B12C = {
			isa = PBXGroup;
			children = (
				0D508C8A2077040F00D3B12C /* Builder */,
				0D508C892077040F00D3B12C /* Products */,
			);
			sourceTree = "<group>";
		};
		0D508C892077040F00D3B12C /* Products */ = {
			isa = PBXGroup;
			children = (
				0D508C882077040F00D3B12C /* Builder */,
			);
			name = Products;
			sourceTree = "<group>";
		};
		0D508C8A2077040F00D3B12C /* Builder */ = {
			isa = PBXGroup;
			children = (
				0D508C8B2077040F00D3B12C /* main.m */,
				0D508CAB2077139700D3B12C /* ComputerBuilder.h */,
				0D508CAC2077139700D3B12C /* ComputerBuilder.m */,
				0D508CA82077132B00D3B12C /* MacComputerBuilder.h */,
				0D508CA92077132B00D3B12C /* MacComputerBuilder.m */,
				0D508C952077048600D3B12C /* Computer.h */,
				0D508C962077048600D3B12C /* Computer.m */,
				0D508C9B20770C7F00D3B12C /* Director.h */,
				0D508C9C20770C7F00D3B12C /* Director.m */,
			);
			path = Builder;
			sourceTree = "<group>";
		};
/* End PBXGroup section */

/* Begin PBXNativeTarget section */
		0D508C872077040F00D3B12C /* Builder */ = {
			isa = PBXNativeTarget;
			buildConfigurationList = 0D508C8F2077040F00D3B12C /* Build configuration list for PBXNativeTarget "Builder" */;
			buildPhases = (
				0D508C842077040F00D3B12C /* Sources */,
				0D508C852077040F00D3B12C /* Frameworks */,
				0D508C862077040F00D3B12C /* CopyFiles */,
			);
			buildRules = (
			);
			dependencies = (
			);
			name = Builder;
			productName = Builder;
			productReference = 0D508C882077040F00D3B12C /* Builder */;
			productType = "com.apple.product-type.tool";
		};
/* End PBXNativeTarget section */

/* Begin PBXProject section */
		0D508C802077040F00D3B12C /* Project object */ = {
			isa = PBXProject;
			attributes = {
				LastUpgradeCheck = 0920;
				ORGANIZATIONNAME = FY;
				TargetAttributes = {
					0D508C872077040F00D3B12C = {
						CreatedOnToolsVersion = 9.2;
						ProvisioningStyle = Automatic;
					};
				};
			};
			buildConfigurationList = 0D508C832077040F00D3B12C /* Build configuration list for PBXProject "Builder" */;
			compatibilityVersion = "Xcode 8.0";
			developmentRegion = en;
			hasScannedForEncodings = 0;
			knownRegions = (
				en,
			);
			mainGroup = 0D508C7F2077040F00D3B12C;
			productRefGroup = 0D508C892077040F00D3B12C /* Products */;
			projectDirPath = "";
			projectRoot = "";
			targets = (
				0D508C872077040F00D3B12C /* Builder */,
			);
		};
/* End PBXProject section */

/* Begin PBXSourcesBuildPhase section */
		0D508C842077040F00D3B12C /* Sources */ = {
			isa = PBXSourcesBuildPhase;
			buildActionMask = 2147483647;
			files = (
				0D508C9D20770C7F00D3B12C /* Director.m in Sources */,
				0D508CAD2077139700D3B12C /* ComputerBuilder.m in Sources */,
				0D508C972077048600D3B12C /* Computer.m in Sources */,
				0D508C8C2077040F00D3B12C /* main.m in Sources */,
				0D508CAA2077132B00D3B12C /* MacComputerBuilder.m in Sources */,
			);
			runOnlyForDeploymentPostprocessing = 0;
		};
/* End PBXSourcesBuildPhase section */

/* Begin XCBuildConfiguration section */
		0D508C8D2077040F00D3B12C /* Debug */ = {
			isa = XCBuildConfiguration;
			buildSettings = {
				ALWAYS_SEARCH_USER_PATHS = NO;
				CLANG_ANALYZER_NONNULL = YES;
				CLANG_ANALYZER_NUMBER_OBJECT_CONVERSION = YES_AGGRESSIVE;
				CLANG_CXX_LANGUAGE_STANDARD = "gnu++14";
				CLANG_CXX_LIBRARY = "libc++";
				CLANG_ENABLE_MODULES = YES;
				CLANG_ENABLE_OBJC_ARC = YES;
				CLANG_WARN_BLOCK_CAPTURE_AUTORELEASING = YES;
				CLANG_WARN_BOOL_CONVERSION = YES;
				CLANG_WARN_COMMA = YES;
				CLANG_WARN_CONSTANT_CONVERSION = YES;
				CLANG_WARN_DIRECT_OBJC_ISA_USAGE = YES_ERROR;
				CLANG_WARN_DOCUMENTATION_COMMENTS = YES;
				CLANG_WARN_EMPTY_BODY = YES;
				CLANG_WARN_ENUM_CONVERSION = YES;
				CLANG_WARN_INFINITE_RECURSION = YES;
				CLANG_WARN_INT_CONVERSION = YES;
				CLANG_WARN_NON_LITERAL_NULL_CONVERSION = YES;
				CLANG_WARN_OBJC_LITERAL_CONVERSION = YES;
				CLANG_WARN_OBJC_ROOT_CLASS = YES_ERROR;
				CLANG_WARN_RANGE_LOOP_ANALYSIS = YES;
				CLANG_WARN_STRICT_PROTOTYPES = YES;
				CLANG_WARN_SUSPICIOUS_MOVE = YES;
				CLANG_WARN_UNGUARDED_AVAILABILITY = YES_AGGRESSIVE;
				CLANG_WARN_UNREACHABLE_CODE = YES;
				CLANG_WARN__DUPLICATE_METHOD_MATCH = YES;
				CODE_SIGN_IDENTITY = "-";
				COPY_PHASE_STRIP = NO;
				DEBUG_INFORMATION_FORMAT = dwarf;
				ENABLE_STRICT_OBJC_MSGSEND = YES;
				ENABLE_TESTABILITY = YES;
				GCC_C_LANGUAGE_STANDARD = gnu11;
				GCC_DYNAMIC_NO_PIC = NO;
				GCC_NO_COMMON_BLOCKS = YES;
				GCC_OPTIMIZATION_LEVEL = 0;
				GCC_PREPROCESSOR_DEFINITIONS = (
					"DEBUG=1",
					"$(inherited)",
				);
				GCC_WARN_64_TO_32_BIT_CONVERSION = YES;
				GCC_WARN_ABOUT_RETURN_TYPE = YES_ERROR;
				GCC_WARN_UNDECLARED_SELECTOR = YES;
				GCC_WARN_UNINITIALIZED_AUTOS = YES_AGGRESSIVE;
				GCC_WARN_UNUSED_FUNCTION = YES;
				GCC_WARN_UNUSED_VARIABLE = YES;
				MACOSX_DEPLOYMENT_TARGET = 10.12;
				MTL_ENABLE_DEBUG_INFO = YES;
				ONLY_ACTIVE_ARCH = YES;
				SDKROOT = macosx;
			};
			name = Debug;
		};
		0D508C8E2077040F00D3B12C /* Release */ = {
			isa = XCBuildConfiguration;
			buildSettings = {
				ALWAYS_SEARCH_USER_PATHS = NO;
				CLANG_ANALYZER_NONNULL = YES;
				CLANG_ANALYZER_NUMBER_OBJECT_CONVERSION = YES_AGGRESSIVE;
				CLANG_CXX_LANGUAGE_STANDARD = "gnu++14";
				CLANG_CXX_LIBRARY = "libc++";
				CLANG_ENABLE_MODULES = YES;
				CLANG_ENABLE_OBJC_ARC = YES;
				CLANG_WARN_BLOCK_CAPTURE_AUTORELEASING = YES;
				CLANG_WARN_BOOL_CONVERSION = YES;
				CLANG_WARN_COMMA = YES;
				CLANG_WARN_CONSTANT_CONVERSION = YES;
				CLANG_WARN_DIRECT_OBJC_ISA_USAGE = YES_ERROR;
				CLANG_WARN_DOCUMENTATION_COMMENTS = YES;
				CLANG_WARN_EMPTY_BODY = YES;
				CLANG_WARN_ENUM_CONVERSION = YES;
				CLANG_WARN_INFINITE_RECURSION = YES;
				CLANG_WARN_INT_CONVERSION = YES;
				CLANG_WARN_NON_LITERAL_NULL_CONVERSION = YES;
				CLANG_WARN_OBJC_LITERAL_CONVERSION = YES;
				CLANG_WARN_OBJC_ROOT_CLASS = YES_ERROR;
				CLANG_WARN_RANGE_LOOP_ANALYSIS = YES;
				CLANG_WARN_STRICT_PROTOTYPES = YES;
				CLANG_WARN_SUSPICIOUS_MOVE = YES;
				CLANG_WARN_UNGUARDED_AVAILABILITY = YES_AGGRESSIVE;
				CLANG_WARN_UNREACHABLE_CODE = YES;
				CLANG_WARN__DUPLICATE_METHOD_MATCH = YES;
				CODE_SIGN_IDENTITY = "-";
				COPY_PHASE_STRIP = NO;
				DEBUG_INFORMATION_FORMAT = "dwarf-with-dsym";
				ENABLE_NS_ASSERTIONS = NO;
				ENABLE_STRICT_OBJC_MSGSEND = YES;
				GCC_C_LANGUAGE_STANDARD = gnu11;
				GCC_NO_COMMON_BLOCKS = YES;
				GCC_WARN_64_TO_32_BIT_CONVERSION = YES;
				GCC_WARN_ABOUT_RETURN_TYPE = YES_ERROR;
				GCC_WARN_UNDECLARED_SELECTOR = YES;
				GCC_WARN_UNINITIALIZED_AUTOS = YES_AGGRESSIVE;
				GCC_WARN_UNUSED_FUNCTION = YES;
				GCC_WARN_UNUSED_VARIABLE = YES;
				MACOSX_DEPLOYMENT_TARGET = 10.12;
				MTL_ENABLE_DEBUG_INFO = NO;
				SDKROOT = macosx;
			};
			name = Release;
		};
		0D508C902077040F00D3B12C /* Debug */ = {
			isa = XCBuildConfiguration;
			buildSettings = {
				CODE_SIGN_STYLE = Automatic;
				PRODUCT_NAME = "$(TARGET_NAME)";
			};
			name = Debug;
		};
		0D508C912077040F00D3B12C /* Release */ = {
			isa = XCBuildConfiguration;
			buildSettings = {
				CODE_SIGN_STYLE = Automatic;
				PRODUCT_NAME = "$(TARGET_NAME)";
			};
			name = Release;
		};
/* End XCBuildConfiguration section */

/* Begin XCConfigurationList section */
		0D508C832077040F00D3B12C /* Build configuration list for PBXProject "Builder" */ = {
			isa = XCConfigurationList;
			buildConfigurations = (
				0D508C8D2077040F00D3B12C /* Debug */,
				0D508C8E2077040F00D3B12C /* Release */,
			);
			defaultConfigurationIsVisible = 0;
			defaultConfigurationName = Release;
		};
		0D508C8F2077040F00D3B12C /* Build configuration list for PBXNativeTarget "Builder" */ = {
			isa = XCConfigurationList;
			buildConfigurations = (
				0D508C902077040F00D3B12C /* Debug */,
				0D508C912077040F00D3B12C /* Release */,
			);
			defaultConfigurationIsVisible = 0;
			defaultConfigurationName = Release;
		};
/* End XCConfigurationList section */
	};
	rootObject = 0D508C802077040F00D3B12C /* Project object */;
}
