// !$*UTF8*$!
{
	archiveVersion = 1;
	classes = {
	};
	objectVersion = 48;
	objects = {

/* Begin PBXBuildFile section */
		0D389D7520838AE30050B710 /* main.m in Sources */ = {isa = PBXBuildFile; fileRef = 0D389D7420838AE30050B710 /* main.m */; };
		0D389D7D20838B170050B710 /* TravelStrategy.m in Sources */ = {isa = PBXBuildFile; fileRef = 0D389D7C20838B170050B710 /* TravelStrategy.m */; };
		0D389D8020838B6F0050B710 /* AirPlaneStrategy.m in Sources */ = {isa = PBXBuildFile; fileRef = 0D389D7F20838B6F0050B710 /* AirPlaneStrategy.m */; };
		0D389D8320838BA90050B710 /* TrainStrategy.m in Sources */ = {isa = PBXBuildFile; fileRef = 0D389D8220838BA90050B710 /* TrainStrategy.m */; };
		0D389D8620838BC70050B710 /* BusStrategy.m in Sources */ = {isa = PBXBuildFile; fileRef = 0D389D8520838BC70050B710 /* BusStrategy.m */; };
		0D389D8920838BEE0050B710 /* PersonContext.m in Sources */ = {isa = PBXBuildFile; fileRef = 0D389D8820838BEE0050B710 /* PersonContext.m */; };
/* End PBXBuildFile section */

/* Begin PBXCopyFilesBuildPhase section */
		0D389D6F20838AE30050B710 /* CopyFiles */ = {
			isa = PBXCopyFilesBuildPhase;
			buildActionMask = 2147483647;
			dstPath = /usr/share/man/man1/;
			dstSubfolderSpec = 0;
			files = (
			);
			runOnlyForDeploymentPostprocessing = 1;
		};
/* End PBXCopyFilesBuildPhase section */

/* Begin PBXFileReference section */
		0D389D7120838AE30050B710 /* Strategy */ = {isa = PBXFileReference; explicitFileType = "compiled.mach-o.executable"; includeInIndex = 0; path = Strategy; sourceTree = BUILT_PRODUCTS_DIR; };
		0D389D7420838AE30050B710 /* main.m */ = {isa = PBXFileReference; lastKnownFileType = sourcecode.c.objc; path = main.m; sourceTree = "<group>"; };
		0D389D7B20838B170050B710 /* TravelStrategy.h */ = {isa = PBXFileReference; lastKnownFileType = sourcecode.c.h; path = TravelStrategy.h; sourceTree = "<group>"; };
		0D389D7C20838B170050B710 /* TravelStrategy.m */ = {isa = PBXFileReference; lastKnownFileType = sourcecode.c.objc; path = TravelStrategy.m; sourceTree = "<group>"; };
		0D389D7E20838B6F0050B710 /* AirPlaneStrategy.h */ = {isa = PBXFileReference; lastKnownFileType = sourcecode.c.h; path = AirPlaneStrategy.h; sourceTree = "<group>"; };
		0D389D7F20838B6F0050B710 /* AirPlaneStrategy.m */ = {isa = PBXFileReference; lastKnownFileType = sourcecode.c.objc; path = AirPlaneStrategy.m; sourceTree = "<group>"; };
		0D389D8120838BA90050B710 /* TrainStrategy.h */ = {isa = PBXFileReference; lastKnownFileType = sourcecode.c.h; path = TrainStrategy.h; sourceTree = "<group>"; };
		0D389D8220838BA90050B710 /* TrainStrategy.m */ = {isa = PBXFileReference; lastKnownFileType = sourcecode.c.objc; path = TrainStrategy.m; sourceTree = "<group>"; };
		0D389D8420838BC70050B710 /* BusStrategy.h */ = {isa = PBXFileReference; lastKnownFileType = sourcecode.c.h; path = BusStrategy.h; sourceTree = "<group>"; };
		0D389D8520838BC70050B710 /* BusStrategy.m */ = {isa = PBXFileReference; lastKnownFileType = sourcecode.c.objc; path = BusStrategy.m; sourceTree = "<group>"; };
		0D389D8720838BEE0050B710 /* PersonContext.h */ = {isa = PBXFileReference; lastKnownFileType = sourcecode.c.h; path = PersonContext.h; sourceTree = "<group>"; };
		0D389D8820838BEE0050B710 /* PersonContext.m */ = {isa = PBXFileReference; lastKnownFileType = sourcecode.c.objc; path = PersonContext.m; sourceTree = "<group>"; };
/* End PBXFileReference section */

/* Begin PBXFrameworksBuildPhase section */
		0D389D6E20838AE30050B710 /* Frameworks */ = {
			isa = PBXFrameworksBuildPhase;
			buildActionMask = 2147483647;
			files = (
			);
			runOnlyForDeploymentPostprocessing = 0;
		};
/* End PBXFrameworksBuildPhase section */

/* Begin PBXGroup section */
		0D389D6820838AE30050B710 = {
			isa = PBXGroup;
			children = (
				0D389D7320838AE30050B710 /* Strategy */,
				0D389D7220838AE30050B710 /* Products */,
			);
			sourceTree = "<group>";
		};
		0D389D7220838AE30050B710 /* Products */ = {
			isa = PBXGroup;
			children = (
				0D389D7120838AE30050B710 /* Strategy */,
			);
			name = Products;
			sourceTree = "<group>";
		};
		0D389D7320838AE30050B710 /* Strategy */ = {
			isa = PBXGroup;
			children = (
				0D389D7420838AE30050B710 /* main.m */,
				0D389D8720838BEE0050B710 /* PersonContext.h */,
				0D389D8820838BEE0050B710 /* PersonContext.m */,
				0D389D7B20838B170050B710 /* TravelStrategy.h */,
				0D389D7C20838B170050B710 /* TravelStrategy.m */,
				0D389D7E20838B6F0050B710 /* AirPlaneStrategy.h */,
				0D389D7F20838B6F0050B710 /* AirPlaneStrategy.m */,
				0D389D8120838BA90050B710 /* TrainStrategy.h */,
				0D389D8220838BA90050B710 /* TrainStrategy.m */,
				0D389D8420838BC70050B710 /* BusStrategy.h */,
				0D389D8520838BC70050B710 /* BusStrategy.m */,
			);
			path = Strategy;
			sourceTree = "<group>";
		};
/* End PBXGroup section */

/* Begin PBXNativeTarget section */
		0D389D7020838AE30050B710 /* Strategy */ = {
			isa = PBXNativeTarget;
			buildConfigurationList = 0D389D7820838AE30050B710 /* Build configuration list for PBXNativeTarget "Strategy" */;
			buildPhases = (
				0D389D6D20838AE30050B710 /* Sources */,
				0D389D6E20838AE30050B710 /* Frameworks */,
				0D389D6F20838AE30050B710 /* CopyFiles */,
			);
			buildRules = (
			);
			dependencies = (
			);
			name = Strategy;
			productName = Strategy;
			productReference = 0D389D7120838AE30050B710 /* Strategy */;
			productType = "com.apple.product-type.tool";
		};
/* End PBXNativeTarget section */

/* Begin PBXProject section */
		0D389D6920838AE30050B710 /* Project object */ = {
			isa = PBXProject;
			attributes = {
				LastUpgradeCheck = 0920;
				ORGANIZATIONNAME = lncircle;
				TargetAttributes = {
					0D389D7020838AE30050B710 = {
						CreatedOnToolsVersion = 9.2;
						ProvisioningStyle = Automatic;
					};
				};
			};
			buildConfigurationList = 0D389D6C20838AE30050B710 /* Build configuration list for PBXProject "Strategy" */;
			compatibilityVersion = "Xcode 8.0";
			developmentRegion = en;
			hasScannedForEncodings = 0;
			knownRegions = (
				en,
			);
			mainGroup = 0D389D6820838AE30050B710;
			productRefGroup = 0D389D7220838AE30050B710 /* Products */;
			projectDirPath = "";
			projectRoot = "";
			targets = (
				0D389D7020838AE30050B710 /* Strategy */,
			);
		};
/* End PBXProject section */

/* Begin PBXSourcesBuildPhase section */
		0D389D6D20838AE30050B710 /* Sources */ = {
			isa = PBXSourcesBuildPhase;
			buildActionMask = 2147483647;
			files = (
				0D389D7D20838B170050B710 /* TravelStrategy.m in Sources */,
				0D389D7520838AE30050B710 /* main.m in Sources */,
				0D389D8020838B6F0050B710 /* AirPlaneStrategy.m in Sources */,
				0D389D8620838BC70050B710 /* BusStrategy.m in Sources */,
				0D389D8920838BEE0050B710 /* PersonContext.m in Sources */,
				0D389D8320838BA90050B710 /* TrainStrategy.m in Sources */,
			);
			runOnlyForDeploymentPostprocessing = 0;
		};
/* End PBXSourcesBuildPhase section */

/* Begin XCBuildConfiguration section */
		0D389D7620838AE30050B710 /* Debug */ = {
			isa = XCBuildConfiguration;
			buildSettings = {
				ALWAYS_SEARCH_USER_PATHS = NO;
				CLANG_ANALYZER_NONNULL = YES;
				CLANG_ANALYZER_NUMBER_OBJECT_CONVERSION = YES_AGGRESSIVE;
				CLANG_CXX_LANGUAGE_STANDARD = "gnu++14";
				CLANG_CXX_LIBRARY = "libc++";
				CLANG_ENABLE_MODULES = YES;
				CLANG_ENABLE_OBJC_ARC = YES;
				CLANG_WARN_BLOCK_CAPTURE_AUTORELEASING = YES;
				CLANG_WARN_BOOL_CONVERSION = YES;
				CLANG_WARN_COMMA = YES;
				CLANG_WARN_CONSTANT_CONVERSION = YES;
				CLANG_WARN_DIRECT_OBJC_ISA_USAGE = YES_ERROR;
				CLANG_WARN_DOCUMENTATION_COMMENTS = YES;
				CLANG_WARN_EMPTY_BODY = YES;
				CLANG_WARN_ENUM_CONVERSION = YES;
				CLANG_WARN_INFINITE_RECURSION = YES;
				CLANG_WARN_INT_CONVERSION = YES;
				CLANG_WARN_NON_LITERAL_NULL_CONVERSION = YES;
				CLANG_WARN_OBJC_LITERAL_CONVERSION = YES;
				CLANG_WARN_OBJC_ROOT_CLASS = YES_ERROR;
				CLANG_WARN_RANGE_LOOP_ANALYSIS = YES;
				CLANG_WARN_STRICT_PROTOTYPES = YES;
				CLANG_WARN_SUSPICIOUS_MOVE = YES;
				CLANG_WARN_UNGUARDED_AVAILABILITY = YES_AGGRESSIVE;
				CLANG_WARN_UNREACHABLE_CODE = YES;
				CLANG_WARN__DUPLICATE_METHOD_MATCH = YES;
				CODE_SIGN_IDENTITY = "-";
				COPY_PHASE_STRIP = NO;
				DEBUG_INFORMATION_FORMAT = dwarf;
				ENABLE_STRICT_OBJC_MSGSEND = YES;
				ENABLE_TESTABILITY = YES;
				GCC_C_LANGUAGE_STANDARD = gnu11;
				GCC_DYNAMIC_NO_PIC = NO;
				GCC_NO_COMMON_BLOCKS = YES;
				GCC_OPTIMIZATION_LEVEL = 0;
				GCC_PREPROCESSOR_DEFINITIONS = (
					"DEBUG=1",
					"$(inherited)",
				);
				GCC_WARN_64_TO_32_BIT_CONVERSION = YES;
				GCC_WARN_ABOUT_RETURN_TYPE = YES_ERROR;
				GCC_WARN_UNDECLARED_SELECTOR = YES;
				GCC_WARN_UNINITIALIZED_AUTOS = YES_AGGRESSIVE;
				GCC_WARN_UNUSED_FUNCTION = YES;
				GCC_WARN_UNUSED_VARIABLE = YES;
				MACOSX_DEPLOYMENT_TARGET = 10.12;
				MTL_ENABLE_DEBUG_INFO = YES;
				ONLY_ACTIVE_ARCH = YES;
				SDKROOT = macosx;
			};
			name = Debug;
		};
		0D389D7720838AE30050B710 /* Release */ = {
			isa = XCBuildConfiguration;
			buildSettings = {
				ALWAYS_SEARCH_USER_PATHS = NO;
				CLANG_ANALYZER_NONNULL = YES;
				CLANG_ANALYZER_NUMBER_OBJECT_CONVERSION = YES_AGGRESSIVE;
				CLANG_CXX_LANGUAGE_STANDARD = "gnu++14";
				CLANG_CXX_LIBRARY = "libc++";
				CLANG_ENABLE_MODULES = YES;
				CLANG_ENABLE_OBJC_ARC = YES;
				CLANG_WARN_BLOCK_CAPTURE_AUTORELEASING = YES;
				CLANG_WARN_BOOL_CONVERSION = YES;
				CLANG_WARN_COMMA = YES;
				CLANG_WARN_CONSTANT_CONVERSION = YES;
				CLANG_WARN_DIRECT_OBJC_ISA_USAGE = YES_ERROR;
				CLANG_WARN_DOCUMENTATION_COMMENTS = YES;
				CLANG_WARN_EMPTY_BODY = YES;
				CLANG_WARN_ENUM_CONVERSION = YES;
				CLANG_WARN_INFINITE_RECURSION = YES;
				CLANG_WARN_INT_CONVERSION = YES;
				CLANG_WARN_NON_LITERAL_NULL_CONVERSION = YES;
				CLANG_WARN_OBJC_LITERAL_CONVERSION = YES;
				CLANG_WARN_OBJC_ROOT_CLASS = YES_ERROR;
				CLANG_WARN_RANGE_LOOP_ANALYSIS = YES;
				CLANG_WARN_STRICT_PROTOTYPES = YES;
				CLANG_WARN_SUSPICIOUS_MOVE = YES;
				CLANG_WARN_UNGUARDED_AVAILABILITY = YES_AGGRESSIVE;
				CLANG_WARN_UNREACHABLE_CODE = YES;
				CLANG_WARN__DUPLICATE_METHOD_MATCH = YES;
				CODE_SIGN_IDENTITY = "-";
				COPY_PHASE_STRIP = NO;
				DEBUG_INFORMATION_FORMAT = "dwarf-with-dsym";
				ENABLE_NS_ASSERTIONS = NO;
				ENABLE_STRICT_OBJC_MSGSEND = YES;
				GCC_C_LANGUAGE_STANDARD = gnu11;
				GCC_NO_COMMON_BLOCKS = YES;
				GCC_WARN_64_TO_32_BIT_CONVERSION = YES;
				GCC_WARN_ABOUT_RETURN_TYPE = YES_ERROR;
				GCC_WARN_UNDECLARED_SELECTOR = YES;
				GCC_WARN_UNINITIALIZED_AUTOS = YES_AGGRESSIVE;
				GCC_WARN_UNUSED_FUNCTION = YES;
				GCC_WARN_UNUSED_VARIABLE = YES;
				MACOSX_DEPLOYMENT_TARGET = 10.12;
				MTL_ENABLE_DEBUG_INFO = NO;
				SDKROOT = macosx;
			};
			name = Release;
		};
		0D389D7920838AE30050B710 /* Debug */ = {
			isa = XCBuildConfiguration;
			buildSettings = {
				CODE_SIGN_STYLE = Automatic;
				PRODUCT_NAME = "$(TARGET_NAME)";
			};
			name = Debug;
		};
		0D389D7A20838AE30050B710 /* Release */ = {
			isa = XCBuildConfiguration;
			buildSettings = {
				CODE_SIGN_STYLE = Automatic;
				PRODUCT_NAME = "$(TARGET_NAME)";
			};
			name = Release;
		};
/* End XCBuildConfiguration section */

/* Begin XCConfigurationList section */
		0D389D6C20838AE30050B710 /* Build configuration list for PBXProject "Strategy" */ = {
			isa = XCConfigurationList;
			buildConfigurations = (
				0D389D7620838AE30050B710 /* Debug */,
				0D389D7720838AE30050B710 /* Release */,
			);
			defaultConfigurationIsVisible = 0;
			defaultConfigurationName = Release;
		};
		0D389D7820838AE30050B710 /* Build configuration list for PBXNativeTarget "Strategy" */ = {
			isa = XCConfigurationList;
			buildConfigurations = (
				0D389D7920838AE30050B710 /* Debug */,
				0D389D7A20838AE30050B710 /* Release */,
			);
			defaultConfigurationIsVisible = 0;
			defaultConfigurationName = Release;
		};
/* End XCConfigurationList section */
	};
	rootObject = 0D389D6920838AE30050B710 /* Project object */;
}
