// !$*UTF8*$!
{
	archiveVersion = 1;
	classes = {
	};
	objectVersion = 48;
	objects = {

/* Begin PBXBuildFile section */
		0D1C680921339E6F0019B63E /* BusTravel.m in Sources */ = {isa = PBXBuildFile; fileRef = 0D1C680821339E6F0019B63E /* BusTravel.m */; };
		0D1C680C21339E8C0019B63E /* PlaneTravel.m in Sources */ = {isa = PBXBuildFile; fileRef = 0D1C680B21339E8C0019B63E /* PlaneTravel.m */; };
		0D1C680F21339EB60019B63E /* TrainTravel.m in Sources */ = {isa = PBXBuildFile; fileRef = 0D1C680E21339EB60019B63E /* TrainTravel.m */; };
		0D581F3A212FE93C00DAC666 /* main.m in Sources */ = {isa = PBXBuildFile; fileRef = 0D581F39212FE93C00DAC666 /* main.m */; };
		0D581F42212FEA0E00DAC666 /* Travel.m in Sources */ = {isa = PBXBuildFile; fileRef = 0D581F41212FEA0E00DAC666 /* Travel.m */; };
/* End PBXBuildFile section */

/* Begin PBXCopyFilesBuildPhase section */
		0D581F34212FE93C00DAC666 /* CopyFiles */ = {
			isa = PBXCopyFilesBuildPhase;
			buildActionMask = 2147483647;
			dstPath = /usr/share/man/man1/;
			dstSubfolderSpec = 0;
			files = (
			);
			runOnlyForDeploymentPostprocessing = 1;
		};
/* End PBXCopyFilesBuildPhase section */

/* Begin PBXFileReference section */
		0D1C680721339E6F0019B63E /* BusTravel.h */ = {isa = PBXFileReference; lastKnownFileType = sourcecode.c.h; path = BusTravel.h; sourceTree = "<group>"; };
		0D1C680821339E6F0019B63E /* BusTravel.m */ = {isa = PBXFileReference; lastKnownFileType = sourcecode.c.objc; path = BusTravel.m; sourceTree = "<group>"; };
		0D1C680A21339E8C0019B63E /* PlaneTravel.h */ = {isa = PBXFileReference; lastKnownFileType = sourcecode.c.h; path = PlaneTravel.h; sourceTree = "<group>"; };
		0D1C680B21339E8C0019B63E /* PlaneTravel.m */ = {isa = PBXFileReference; lastKnownFileType = sourcecode.c.objc; path = PlaneTravel.m; sourceTree = "<group>"; };
		0D1C680D21339EB60019B63E /* TrainTravel.h */ = {isa = PBXFileReference; lastKnownFileType = sourcecode.c.h; path = TrainTravel.h; sourceTree = "<group>"; };
		0D1C680E21339EB60019B63E /* TrainTravel.m */ = {isa = PBXFileReference; lastKnownFileType = sourcecode.c.objc; path = TrainTravel.m; sourceTree = "<group>"; };
		0D581F36212FE93C00DAC666 /* Template */ = {isa = PBXFileReference; explicitFileType = "compiled.mach-o.executable"; includeInIndex = 0; path = Template; sourceTree = BUILT_PRODUCTS_DIR; };
		0D581F39212FE93C00DAC666 /* main.m */ = {isa = PBXFileReference; lastKnownFileType = sourcecode.c.objc; path = main.m; sourceTree = "<group>"; };
		0D581F40212FEA0E00DAC666 /* Travel.h */ = {isa = PBXFileReference; lastKnownFileType = sourcecode.c.h; path = Travel.h; sourceTree = "<group>"; };
		0D581F41212FEA0E00DAC666 /* Travel.m */ = {isa = PBXFileReference; lastKnownFileType = sourcecode.c.objc; path = Travel.m; sourceTree = "<group>"; };
/* End PBXFileReference section */

/* Begin PBXFrameworksBuildPhase section */
		0D581F33212FE93C00DAC666 /* Frameworks */ = {
			isa = PBXFrameworksBuildPhase;
			buildActionMask = 2147483647;
			files = (
			);
			runOnlyForDeploymentPostprocessing = 0;
		};
/* End PBXFrameworksBuildPhase section */

/* Begin PBXGroup section */
		0D581F2D212FE93C00DAC666 = {
			isa = PBXGroup;
			children = (
				0D581F38212FE93C00DAC666 /* Template */,
				0D581F37212FE93C00DAC666 /* Products */,
			);
			sourceTree = "<group>";
		};
		0D581F37212FE93C00DAC666 /* Products */ = {
			isa = PBXGroup;
			children = (
				0D581F36212FE93C00DAC666 /* Template */,
			);
			name = Products;
			sourceTree = "<group>";
		};
		0D581F38212FE93C00DAC666 /* Template */ = {
			isa = PBXGroup;
			children = (
				0D581F39212FE93C00DAC666 /* main.m */,
				0D581F40212FEA0E00DAC666 /* Travel.h */,
				0D581F41212FEA0E00DAC666 /* Travel.m */,
				0D1C680721339E6F0019B63E /* BusTravel.h */,
				0D1C680821339E6F0019B63E /* BusTravel.m */,
				0D1C680A21339E8C0019B63E /* PlaneTravel.h */,
				0D1C680B21339E8C0019B63E /* PlaneTravel.m */,
				0D1C680D21339EB60019B63E /* TrainTravel.h */,
				0D1C680E21339EB60019B63E /* TrainTravel.m */,
			);
			path = Template;
			sourceTree = "<group>";
		};
/* End PBXGroup section */

/* Begin PBXNativeTarget section */
		0D581F35212FE93C00DAC666 /* Template */ = {
			isa = PBXNativeTarget;
			buildConfigurationList = 0D581F3D212FE93C00DAC666 /* Build configuration list for PBXNativeTarget "Template" */;
			buildPhases = (
				0D581F32212FE93C00DAC666 /* Sources */,
				0D581F33212FE93C00DAC666 /* Frameworks */,
				0D581F34212FE93C00DAC666 /* CopyFiles */,
			);
			buildRules = (
			);
			dependencies = (
			);
			name = Template;
			productName = Template;
			productReference = 0D581F36212FE93C00DAC666 /* Template */;
			productType = "com.apple.product-type.tool";
		};
/* End PBXNativeTarget section */

/* Begin PBXProject section */
		0D581F2E212FE93C00DAC666 /* Project object */ = {
			isa = PBXProject;
			attributes = {
				LastUpgradeCheck = 0920;
				ORGANIZATIONNAME = lncircle;
				TargetAttributes = {
					0D581F35212FE93C00DAC666 = {
						CreatedOnToolsVersion = 9.2;
						ProvisioningStyle = Automatic;
					};
				};
			};
			buildConfigurationList = 0D581F31212FE93C00DAC666 /* Build configuration list for PBXProject "Template" */;
			compatibilityVersion = "Xcode 8.0";
			developmentRegion = en;
			hasScannedForEncodings = 0;
			knownRegions = (
				en,
			);
			mainGroup = 0D581F2D212FE93C00DAC666;
			productRefGroup = 0D581F37212FE93C00DAC666 /* Products */;
			projectDirPath = "";
			projectRoot = "";
			targets = (
				0D581F35212FE93C00DAC666 /* Template */,
			);
		};
/* End PBXProject section */

/* Begin PBXSourcesBuildPhase section */
		0D581F32212FE93C00DAC666 /* Sources */ = {
			isa = PBXSourcesBuildPhase;
			buildActionMask = 2147483647;
			files = (
				0D581F3A212FE93C00DAC666 /* main.m in Sources */,
				0D581F42212FEA0E00DAC666 /* Travel.m in Sources */,
				0D1C680C21339E8C0019B63E /* PlaneTravel.m in Sources */,
				0D1C680921339E6F0019B63E /* BusTravel.m in Sources */,
				0D1C680F21339EB60019B63E /* TrainTravel.m in Sources */,
			);
			runOnlyForDeploymentPostprocessing = 0;
		};
/* End PBXSourcesBuildPhase section */

/* Begin XCBuildConfiguration section */
		0D581F3B212FE93C00DAC666 /* Debug */ = {
			isa = XCBuildConfiguration;
			buildSettings = {
				ALWAYS_SEARCH_USER_PATHS = NO;
				CLANG_ANALYZER_NONNULL = YES;
				CLANG_ANALYZER_NUMBER_OBJECT_CONVERSION = YES_AGGRESSIVE;
				CLANG_CXX_LANGUAGE_STANDARD = "gnu++14";
				CLANG_CXX_LIBRARY = "libc++";
				CLANG_ENABLE_MODULES = YES;
				CLANG_ENABLE_OBJC_ARC = YES;
				CLANG_WARN_BLOCK_CAPTURE_AUTORELEASING = YES;
				CLANG_WARN_BOOL_CONVERSION = YES;
				CLANG_WARN_COMMA = YES;
				CLANG_WARN_CONSTANT_CONVERSION = YES;
				CLANG_WARN_DIRECT_OBJC_ISA_USAGE = YES_ERROR;
				CLANG_WARN_DOCUMENTATION_COMMENTS = YES;
				CLANG_WARN_EMPTY_BODY = YES;
				CLANG_WARN_ENUM_CONVERSION = YES;
				CLANG_WARN_INFINITE_RECURSION = YES;
				CLANG_WARN_INT_CONVERSION = YES;
				CLANG_WARN_NON_LITERAL_NULL_CONVERSION = YES;
				CLANG_WARN_OBJC_LITERAL_CONVERSION = YES;
				CLANG_WARN_OBJC_ROOT_CLASS = YES_ERROR;
				CLANG_WARN_RANGE_LOOP_ANALYSIS = YES;
				CLANG_WARN_STRICT_PROTOTYPES = YES;
				CLANG_WARN_SUSPICIOUS_MOVE = YES;
				CLANG_WARN_UNGUARDED_AVAILABILITY = YES_AGGRESSIVE;
				CLANG_WARN_UNREACHABLE_CODE = YES;
				CLANG_WARN__DUPLICATE_METHOD_MATCH = YES;
				CODE_SIGN_IDENTITY = "-";
				COPY_PHASE_STRIP = NO;
				DEBUG_INFORMATION_FORMAT = dwarf;
				ENABLE_STRICT_OBJC_MSGSEND = YES;
				ENABLE_TESTABILITY = YES;
				GCC_C_LANGUAGE_STANDARD = gnu11;
				GCC_DYNAMIC_NO_PIC = NO;
				GCC_NO_COMMON_BLOCKS = YES;
				GCC_OPTIMIZATION_LEVEL = 0;
				GCC_PREPROCESSOR_DEFINITIONS = (
					"DEBUG=1",
					"$(inherited)",
				);
				GCC_WARN_64_TO_32_BIT_CONVERSION = YES;
				GCC_WARN_ABOUT_RETURN_TYPE = YES_ERROR;
				GCC_WARN_UNDECLARED_SELECTOR = YES;
				GCC_WARN_UNINITIALIZED_AUTOS = YES_AGGRESSIVE;
				GCC_WARN_UNUSED_FUNCTION = YES;
				GCC_WARN_UNUSED_VARIABLE = YES;
				MACOSX_DEPLOYMENT_TARGET = 10.12;
				MTL_ENABLE_DEBUG_INFO = YES;
				ONLY_ACTIVE_ARCH = YES;
				SDKROOT = macosx;
			};
			name = Debug;
		};
		0D581F3C212FE93C00DAC666 /* Release */ = {
			isa = XCBuildConfiguration;
			buildSettings = {
				ALWAYS_SEARCH_USER_PATHS = NO;
				CLANG_ANALYZER_NONNULL = YES;
				CLANG_ANALYZER_NUMBER_OBJECT_CONVERSION = YES_AGGRESSIVE;
				CLANG_CXX_LANGUAGE_STANDARD = "gnu++14";
				CLANG_CXX_LIBRARY = "libc++";
				CLANG_ENABLE_MODULES = YES;
				CLANG_ENABLE_OBJC_ARC = YES;
				CLANG_WARN_BLOCK_CAPTURE_AUTORELEASING = YES;
				CLANG_WARN_BOOL_CONVERSION = YES;
				CLANG_WARN_COMMA = YES;
				CLANG_WARN_CONSTANT_CONVERSION = YES;
				CLANG_WARN_DIRECT_OBJC_ISA_USAGE = YES_ERROR;
				CLANG_WARN_DOCUMENTATION_COMMENTS = YES;
				CLANG_WARN_EMPTY_BODY = YES;
				CLANG_WARN_ENUM_CONVERSION = YES;
				CLANG_WARN_INFINITE_RECURSION = YES;
				CLANG_WARN_INT_CONVERSION = YES;
				CLANG_WARN_NON_LITERAL_NULL_CONVERSION = YES;
				CLANG_WARN_OBJC_LITERAL_CONVERSION = YES;
				CLANG_WARN_OBJC_ROOT_CLASS = YES_ERROR;
				CLANG_WARN_RANGE_LOOP_ANALYSIS = YES;
				CLANG_WARN_STRICT_PROTOTYPES = YES;
				CLANG_WARN_SUSPICIOUS_MOVE = YES;
				CLANG_WARN_UNGUARDED_AVAILABILITY = YES_AGGRESSIVE;
				CLANG_WARN_UNREACHABLE_CODE = YES;
				CLANG_WARN__DUPLICATE_METHOD_MATCH = YES;
				CODE_SIGN_IDENTITY = "-";
				COPY_PHASE_STRIP = NO;
				DEBUG_INFORMATION_FORMAT = "dwarf-with-dsym";
				ENABLE_NS_ASSERTIONS = NO;
				ENABLE_STRICT_OBJC_MSGSEND = YES;
				GCC_C_LANGUAGE_STANDARD = gnu11;
				GCC_NO_COMMON_BLOCKS = YES;
				GCC_WARN_64_TO_32_BIT_CONVERSION = YES;
				GCC_WARN_ABOUT_RETURN_TYPE = YES_ERROR;
				GCC_WARN_UNDECLARED_SELECTOR = YES;
				GCC_WARN_UNINITIALIZED_AUTOS = YES_AGGRESSIVE;
				GCC_WARN_UNUSED_FUNCTION = YES;
				GCC_WARN_UNUSED_VARIABLE = YES;
				MACOSX_DEPLOYMENT_TARGET = 10.12;
				MTL_ENABLE_DEBUG_INFO = NO;
				SDKROOT = macosx;
			};
			name = Release;
		};
		0D581F3E212FE93C00DAC666 /* Debug */ = {
			isa = XCBuildConfiguration;
			buildSettings = {
				CODE_SIGN_STYLE = Automatic;
				PRODUCT_NAME = "$(TARGET_NAME)";
			};
			name = Debug;
		};
		0D581F3F212FE93C00DAC666 /* Release */ = {
			isa = XCBuildConfiguration;
			buildSettings = {
				CODE_SIGN_STYLE = Automatic;
				PRODUCT_NAME = "$(TARGET_NAME)";
			};
			name = Release;
		};
/* End XCBuildConfiguration section */

/* Begin XCConfigurationList section */
		0D581F31212FE93C00DAC666 /* Build configuration list for PBXProject "Template" */ = {
			isa = XCConfigurationList;
			buildConfigurations = (
				0D581F3B212FE93C00DAC666 /* Debug */,
				0D581F3C212FE93C00DAC666 /* Release */,
			);
			defaultConfigurationIsVisible = 0;
			defaultConfigurationName = Release;
		};
		0D581F3D212FE93C00DAC666 /* Build configuration list for PBXNativeTarget "Template" */ = {
			isa = XCConfigurationList;
			buildConfigurations = (
				0D581F3E212FE93C00DAC666 /* Debug */,
				0D581F3F212FE93C00DAC666 /* Release */,
			);
			defaultConfigurationIsVisible = 0;
			defaultConfigurationName = Release;
		};
/* End XCConfigurationList section */
	};
	rootObject = 0D581F2E212FE93C00DAC666 /* Project object */;
}
